// !$*UTF8*$!
{
	archiveVersion = 1;
	classes = {
	};
	objectVersion = 50;
	objects = {

/* Begin PBXBuildFile section */
		1FFBD91A20BA874700305331 /* AppDelegate.m in Sources */ = {isa = PBXBuildFile; fileRef = 1FFBD91920BA874700305331 /* AppDelegate.m */; };
		1FFBD91D20BA874700305331 /* ViewController.m in Sources */ = {isa = PBXBuildFile; fileRef = 1FFBD91C20BA874700305331 /* ViewController.m */; };
		1FFBD92020BA874700305331 /* Main.storyboard in Resources */ = {isa = PBXBuildFile; fileRef = 1FFBD91E20BA874700305331 /* Main.storyboard */; };
		1FFBD92220BA874800305331 /* Assets.xcassets in Resources */ = {isa = PBXBuildFile; fileRef = 1FFBD92120BA874800305331 /* Assets.xcassets */; };
		1FFBD92520BA874800305331 /* LaunchScreen.storyboard in Resources */ = {isa = PBXBuildFile; fileRef = 1FFBD92320BA874800305331 /* LaunchScreen.storyboard */; };
		1FFBD92820BA874800305331 /* main.m in Sources */ = {isa = PBXBuildFile; fileRef = 1FFBD92720BA874800305331 /* main.m */; };
		1FFBD93820BA898800305331 /* Foundation+WYChineseLog.m in Sources */ = {isa = PBXBuildFile; fileRef = 1FFBD93720BA898800305331 /* Foundation+WYChineseLog.m */; };
/* End PBXBuildFile section */

/* Begin PBXFileReference section */
		1FFBD91520BA874600305331 /* WYBasisKit.app */ = {isa = PBXFileReference; explicitFileType = wrapper.application; includeInIndex = 0; path = WYBasisKit.app; sourceTree = BUILT_PRODUCTS_DIR; };
		1FFBD91820BA874700305331 /* AppDelegate.h */ = {isa = PBXFileReference; lastKnownFileType = sourcecode.c.h; path = AppDelegate.h; sourceTree = "<group>"; };
		1FFBD91920BA874700305331 /* AppDelegate.m */ = {isa = PBXFileReference; lastKnownFileType = sourcecode.c.objc; path = AppDelegate.m; sourceTree = "<group>"; };
		1FFBD91B20BA874700305331 /* ViewController.h */ = {isa = PBXFileReference; lastKnownFileType = sourcecode.c.h; path = ViewController.h; sourceTree = "<group>"; };
		1FFBD91C20BA874700305331 /* ViewController.m */ = {isa = PBXFileReference; lastKnownFileType = sourcecode.c.objc; path = ViewController.m; sourceTree = "<group>"; };
		1FFBD91F20BA874700305331 /* Base */ = {isa = PBXFileReference; lastKnownFileType = file.storyboard; name = Base; path = Base.lproj/Main.storyboard; sourceTree = "<group>"; };
		1FFBD92120BA874800305331 /* Assets.xcassets */ = {isa = PBXFileReference; lastKnownFileType = folder.assetcatalog; path = Assets.xcassets; sourceTree = "<group>"; };
		1FFBD92420BA874800305331 /* Base */ = {isa = PBXFileReference; lastKnownFileType = file.storyboard; name = Base; path = Base.lproj/LaunchScreen.storyboard; sourceTree = "<group>"; };
		1FFBD92620BA874800305331 /* Info.plist */ = {isa = PBXFileReference; lastKnownFileType = text.plist.xml; path = Info.plist; sourceTree = "<group>"; };
		1FFBD92720BA874800305331 /* main.m */ = {isa = PBXFileReference; lastKnownFileType = sourcecode.c.objc; path = main.m; sourceTree = "<group>"; };
		1FFBD93720BA898800305331 /* Foundation+WYChineseLog.m */ = {isa = PBXFileReference; lastKnownFileType = sourcecode.c.objc; path = "Foundation+WYChineseLog.m"; sourceTree = "<group>"; };
/* End PBXFileReference section */

/* Begin PBXFrameworksBuildPhase section */
		1FFBD91220BA874600305331 /* Frameworks */ = {
			isa = PBXFrameworksBuildPhase;
			buildActionMask = 2147483647;
			files = (
			);
			runOnlyForDeploymentPostprocessing = 0;
		};
/* End PBXFrameworksBuildPhase section */

/* Begin PBXGroup section */
		1FFBD90C20BA874600305331 = {
			isa = PBXGroup;
			children = (
				1FFBD91720BA874600305331 /* WYBasisKit */,
				1FFBD91620BA874600305331 /* Products */,
			);
			sourceTree = "<group>";
		};
		1FFBD91620BA874600305331 /* Products */ = {
			isa = PBXGroup;
			children = (
				1FFBD91520BA874600305331 /* WYBasisKit.app */,
			);
			name = Products;
			sourceTree = "<group>";
		};
		1FFBD91720BA874600305331 /* WYBasisKit */ = {
			isa = PBXGroup;
			children = (
				1FFBD92E20BA883500305331 /* WYBasisKit */,
				1FFBD91820BA874700305331 /* AppDelegate.h */,
				1FFBD91920BA874700305331 /* AppDelegate.m */,
				1FFBD91B20BA874700305331 /* ViewController.h */,
				1FFBD91C20BA874700305331 /* ViewController.m */,
				1FFBD91E20BA874700305331 /* Main.storyboard */,
				1FFBD92120BA874800305331 /* Assets.xcassets */,
				1FFBD92320BA874800305331 /* LaunchScreen.storyboard */,
				1FFBD92620BA874800305331 /* Info.plist */,
				1FFBD92720BA874800305331 /* main.m */,
			);
			path = WYBasisKit;
			sourceTree = "<group>";
		};
		1FFBD92E20BA883500305331 /* WYBasisKit */ = {
			isa = PBXGroup;
			children = (
				1FFBD92F20BA883A00305331 /* WYChineseLog */,
			);
			path = WYBasisKit;
			sourceTree = "<group>";
		};
		1FFBD92F20BA883A00305331 /* WYChineseLog */ = {
			isa = PBXGroup;
			children = (
				1FFBD93720BA898800305331 /* Foundation+WYChineseLog.m */,
			);
			path = WYChineseLog;
			sourceTree = "<group>";
		};
/* End PBXGroup section */

/* Begin PBXNativeTarget section */
		1FFBD91420BA874600305331 /* WYBasisKit */ = {
			isa = PBXNativeTarget;
			buildConfigurationList = 1FFBD92B20BA874800305331 /* Build configuration list for PBXNativeTarget "WYBasisKit" */;
			buildPhases = (
				1FFBD91120BA874600305331 /* Sources */,
				1FFBD91220BA874600305331 /* Frameworks */,
				1FFBD91320BA874600305331 /* Resources */,
			);
			buildRules = (
			);
			dependencies = (
			);
			name = WYBasisKit;
			productName = WYBasisKit;
			productReference = 1FFBD91520BA874600305331 /* WYBasisKit.app */;
			productType = "com.apple.product-type.application";
		};
/* End PBXNativeTarget section */

/* Begin PBXProject section */
		1FFBD90D20BA874600305331 /* Project object */ = {
			isa = PBXProject;
			attributes = {
				LastUpgradeCheck = 0930;
				ORGANIZATIONNAME = "jacke-xu";
				TargetAttributes = {
					1FFBD91420BA874600305331 = {
						CreatedOnToolsVersion = 9.3.1;
					};
				};
			};
			buildConfigurationList = 1FFBD91020BA874600305331 /* Build configuration list for PBXProject "WYBasisKit" */;
			compatibilityVersion = "Xcode 9.3";
			developmentRegion = en;
			hasScannedForEncodings = 0;
			knownRegions = (
				en,
				Base,
			);
			mainGroup = 1FFBD90C20BA874600305331;
			productRefGroup = 1FFBD91620BA874600305331 /* Products */;
			projectDirPath = "";
			projectRoot = "";
			targets = (
				1FFBD91420BA874600305331 /* WYBasisKit */,
			);
		};
/* End PBXProject section */

/* Begin PBXResourcesBuildPhase section */
		1FFBD91320BA874600305331 /* Resources */ = {
			isa = PBXResourcesBuildPhase;
			buildActionMask = 2147483647;
			files = (
				1FFBD92520BA874800305331 /* LaunchScreen.storyboard in Resources */,
				1FFBD92220BA874800305331 /* Assets.xcassets in Resources */,
				1FFBD92020BA874700305331 /* Main.storyboard in Resources */,
			);
			runOnlyForDeploymentPostprocessing = 0;
		};
/* End PBXResourcesBuildPhase section */

/* Begin PBXSourcesBuildPhase section */
		1FFBD91120BA874600305331 /* Sources */ = {
			isa = PBXSourcesBuildPhase;
			buildActionMask = 2147483647;
			files = (
				1FFBD91D20BA874700305331 /* ViewController.m in Sources */,
				1FFBD93820BA898800305331 /* Foundation+WYChineseLog.m in Sources */,
				1FFBD92820BA874800305331 /* main.m in Sources */,
				1FFBD91A20BA874700305331 /* AppDelegate.m in Sources */,
			);
			runOnlyForDeploymentPostprocessing = 0;
		};
/* End PBXSourcesBuildPhase section */

/* Begin PBXVariantGroup section */
		1FFBD91E20BA874700305331 /* Main.storyboard */ = {
			isa = PBXVariantGroup;
			children = (
				1FFBD91F20BA874700305331 /* Base */,
			);
			name = Main.storyboard;
			sourceTree = "<group>";
		};
		1FFBD92320BA874800305331 /* LaunchScreen.storyboard */ = {
			isa = PBXVariantGroup;
			children = (
				1FFBD92420BA874800305331 /* Base */,
			);
			name = LaunchScreen.storyboard;
			sourceTree = "<group>";
		};
/* End PBXVariantGroup section */

/* Begin XCBuildConfiguration section */
		1FFBD92920BA874800305331 /* Debug */ = {
			isa = XCBuildConfiguration;
			buildSettings = {
				ALWAYS_SEARCH_USER_PATHS = NO;
				CLANG_ANALYZER_NONNULL = YES;
				CLANG_ANALYZER_NUMBER_OBJECT_CONVERSION = YES_AGGRESSIVE;
				CLANG_CXX_LANGUAGE_STANDARD = "gnu++14";
				CLANG_CXX_LIBRARY = "libc++";
				CLANG_ENABLE_MODULES = YES;
				CLANG_ENABLE_OBJC_ARC = YES;
				CLANG_ENABLE_OBJC_WEAK = YES;
				CLANG_WARN_BLOCK_CAPTURE_AUTORELEASING = YES;
				CLANG_WARN_BOOL_CONVERSION = YES;
				CLANG_WARN_COMMA = YES;
				CLANG_WARN_CONSTANT_CONVERSION = YES;
				CLANG_WARN_DEPRECATED_OBJC_IMPLEMENTATIONS = YES;
				CLANG_WARN_DIRECT_OBJC_ISA_USAGE = YES_ERROR;
				CLANG_WARN_DOCUMENTATION_COMMENTS = YES;
				CLANG_WARN_EMPTY_BODY = YES;
				CLANG_WARN_ENUM_CONVERSION = YES;
				CLANG_WARN_INFINITE_RECURSION = YES;
				CLANG_WARN_INT_CONVERSION = YES;
				CLANG_WARN_NON_LITERAL_NULL_CONVERSION = YES;
				CLANG_WARN_OBJC_IMPLICIT_RETAIN_SELF = YES;
				CLANG_WARN_OBJC_LITERAL_CONVERSION = YES;
				CLANG_WARN_OBJC_ROOT_CLASS = YES_ERROR;
				CLANG_WARN_RANGE_LOOP_ANALYSIS = YES;
				CLANG_WARN_STRICT_PROTOTYPES = YES;
				CLANG_WARN_SUSPICIOUS_MOVE = YES;
				CLANG_WARN_UNGUARDED_AVAILABILITY = YES_AGGRESSIVE;
				CLANG_WARN_UNREACHABLE_CODE = YES;
				CLANG_WARN__DUPLICATE_METHOD_MATCH = YES;
				CODE_SIGN_IDENTITY = "iPhone Developer";
				COPY_PHASE_STRIP = NO;
				DEBUG_INFORMATION_FORMAT = dwarf;
				ENABLE_STRICT_OBJC_MSGSEND = YES;
				ENABLE_TESTABILITY = YES;
				GCC_C_LANGUAGE_STANDARD = gnu11;
				GCC_DYNAMIC_NO_PIC = NO;
				GCC_NO_COMMON_BLOCKS = YES;
				GCC_OPTIMIZATION_LEVEL = 0;
				GCC_PREPROCESSOR_DEFINITIONS = (
					"DEBUG=1",
					"$(inherited)",
				);
				GCC_WARN_64_TO_32_BIT_CONVERSION = YES;
				GCC_WARN_ABOUT_RETURN_TYPE = YES_ERROR;
				GCC_WARN_UNDECLARED_SELECTOR = YES;
				GCC_WARN_UNINITIALIZED_AUTOS = YES_AGGRESSIVE;
				GCC_WARN_UNUSED_FUNCTION = YES;
				GCC_WARN_UNUSED_VARIABLE = YES;
				IPHONEOS_DEPLOYMENT_TARGET = 11.3;
				MTL_ENABLE_DEBUG_INFO = YES;
				ONLY_ACTIVE_ARCH = YES;
				SDKROOT = iphoneos;
			};
			name = Debug;
		};
		1FFBD92A20BA874800305331 /* Release */ = {
			isa = XCBuildConfiguration;
			buildSettings = {
				ALWAYS_SEARCH_USER_PATHS = NO;
				CLANG_ANALYZER_NONNULL = YES;
				CLANG_ANALYZER_NUMBER_OBJECT_CONVERSION = YES_AGGRESSIVE;
				CLANG_CXX_LANGUAGE_STANDARD = "gnu++14";
				CLANG_CXX_LIBRARY = "libc++";
				CLANG_ENABLE_MODULES = YES;
				CLANG_ENABLE_OBJC_ARC = YES;
				CLANG_ENABLE_OBJC_WEAK = YES;
				CLANG_WARN_BLOCK_CAPTURE_AUTORELEASING = YES;
				CLANG_WARN_BOOL_CONVERSION = YES;
				CLANG_WARN_COMMA = YES;
				CLANG_WARN_CONSTANT_CONVERSION = YES;
				CLANG_WARN_DEPRECATED_OBJC_IMPLEMENTATIONS = YES;
				CLANG_WARN_DIRECT_OBJC_ISA_USAGE = YES_ERROR;
				CLANG_WARN_DOCUMENTATION_COMMENTS = YES;
				CLANG_WARN_EMPTY_BODY = YES;
				CLANG_WARN_ENUM_CONVERSION = YES;
				CLANG_WARN_INFINITE_RECURSION = YES;
				CLANG_WARN_INT_CONVERSION = YES;
				CLANG_WARN_NON_LITERAL_NULL_CONVERSION = YES;
				CLANG_WARN_OBJC_IMPLICIT_RETAIN_SELF = YES;
				CLANG_WARN_OBJC_LITERAL_CONVERSION = YES;
				CLANG_WARN_OBJC_ROOT_CLASS = YES_ERROR;
				CLANG_WARN_RANGE_LOOP_ANALYSIS = YES;
				CLANG_WARN_STRICT_PROTOTYPES = YES;
				CLANG_WARN_SUSPICIOUS_MOVE = YES;
				CLANG_WARN_UNGUARDED_AVAILABILITY = YES_AGGRESSIVE;
				CLANG_WARN_UNREACHABLE_CODE = YES;
				CLANG_WARN__DUPLICATE_METHOD_MATCH = YES;
				CODE_SIGN_IDENTITY = "iPhone Developer";
				COPY_PHASE_STRIP = NO;
				DEBUG_INFORMATION_FORMAT = "dwarf-with-dsym";
				ENABLE_NS_ASSERTIONS = NO;
				ENABLE_STRICT_OBJC_MSGSEND = YES;
				GCC_C_LANGUAGE_STANDARD = gnu11;
				GCC_NO_COMMON_BLOCKS = YES;
				GCC_WARN_64_TO_32_BIT_CONVERSION = YES;
				GCC_WARN_ABOUT_RETURN_TYPE = YES_ERROR;
				GCC_WARN_UNDECLARED_SELECTOR = YES;
				GCC_WARN_UNINITIALIZED_AUTOS = YES_AGGRESSIVE;
				GCC_WARN_UNUSED_FUNCTION = YES;
				GCC_WARN_UNUSED_VARIABLE = YES;
				IPHONEOS_DEPLOYMENT_TARGET = 11.3;
				MTL_ENABLE_DEBUG_INFO = NO;
				SDKROOT = iphoneos;
				VALIDATE_PRODUCT = YES;
			};
			name = Release;
		};
		1FFBD92C20BA874800305331 /* Debug */ = {
			isa = XCBuildConfiguration;
			buildSettings = {
				ASSETCATALOG_COMPILER_APPICON_NAME = AppIcon;
				CODE_SIGN_STYLE = Automatic;
				INFOPLIST_FILE = WYBasisKit/Info.plist;
				LD_RUNPATH_SEARCH_PATHS = (
					"$(inherited)",
					"@executable_path/Frameworks",
				);
				PRODUCT_BUNDLE_IDENTIFIER = "com.jacke-xu.basisKit.WYBasisKit";
				PRODUCT_NAME = "$(TARGET_NAME)";
				TARGETED_DEVICE_FAMILY = "1,2";
			};
			name = Debug;
		};
		1FFBD92D20BA874800305331 /* Release */ = {
			isa = XCBuildConfiguration;
			buildSettings = {
				ASSETCATALOG_COMPILER_APPICON_NAME = AppIcon;
				CODE_SIGN_STYLE = Automatic;
				INFOPLIST_FILE = WYBasisKit/Info.plist;
				LD_RUNPATH_SEARCH_PATHS = (
					"$(inherited)",
					"@executable_path/Frameworks",
				);
				PRODUCT_BUNDLE_IDENTIFIER = "com.jacke-xu.basisKit.WYBasisKit";
				PRODUCT_NAME = "$(TARGET_NAME)";
				TARGETED_DEVICE_FAMILY = "1,2";
			};
			name = Release;
		};
/* End XCBuildConfiguration section */

/* Begin XCConfigurationList section */
		1FFBD91020BA874600305331 /* Build configuration list for PBXProject "WYBasisKit" */ = {
			isa = XCConfigurationList;
			buildConfigurations = (
				1FFBD92920BA874800305331 /* Debug */,
				1FFBD92A20BA874800305331 /* Release */,
			);
			defaultConfigurationIsVisible = 0;
			defaultConfigurationName = Release;
		};
		1FFBD92B20BA874800305331 /* Build configuration list for PBXNativeTarget "WYBasisKit" */ = {
			isa = XCConfigurationList;
			buildConfigurations = (
				1FFBD92C20BA874800305331 /* Debug */,
				1FFBD92D20BA874800305331 /* Release */,
			);
			defaultConfigurationIsVisible = 0;
			defaultConfigurationName = Release;
		};
/* End XCConfigurationList section */
	};
	rootObject = 1FFBD90D20BA874600305331 /* Project object */;
}
