// !$*UTF8*$!
{
	archiveVersion = 1;
	classes = {
	};
	objectVersion = 50;
	objects = {

/* Begin PBXBuildFile section */
		0EF83125CC678A935E00F2B3 /* libPods-WYBasisKit.a in Frameworks */ = {isa = PBXBuildFile; fileRef = 1B031672422552F5538E4614 /* libPods-WYBasisKit.a */; };
		1F0A182920E1D24500532AA3 /* NetworkMonitoring.m in Sources */ = {isa = PBXBuildFile; fileRef = 1F0A182720E1D24500532AA3 /* NetworkMonitoring.m */; };
		1F0A182A20E1D24500532AA3 /* Reachability.m in Sources */ = {isa = PBXBuildFile; fileRef = 1F0A182820E1D24500532AA3 /* Reachability.m */; };
		1F0A182F20E216B000532AA3 /* WYNetworking.m in Sources */ = {isa = PBXBuildFile; fileRef = 1F0A182E20E216B000532AA3 /* WYNetworking.m */; };
		1F1174552123BE9D009BB0A4 /* NSObject+ModelParse.m in Sources */ = {isa = PBXBuildFile; fileRef = 1F1174532123BE9D009BB0A4 /* NSObject+ModelParse.m */; };
		1F1D41DC20F4560700FB65E2 /* GTMBase64.m in Sources */ = {isa = PBXBuildFile; fileRef = 1F1D41DB20F4560700FB65E2 /* GTMBase64.m */; };
		1F1D41DF20F4570300FB65E2 /* NSData+CommonCrypto.m in Sources */ = {isa = PBXBuildFile; fileRef = 1F1D41DE20F4570300FB65E2 /* NSData+CommonCrypto.m */; };
		1F1D41E220F4573F00FB65E2 /* NSString+Base64.m in Sources */ = {isa = PBXBuildFile; fileRef = 1F1D41E020F4573F00FB65E2 /* NSString+Base64.m */; };
		1F1D41E520F4576900FB65E2 /* NSData+Base64.m in Sources */ = {isa = PBXBuildFile; fileRef = 1F1D41E420F4576900FB65E2 /* NSData+Base64.m */; };
		1F1E415220DCA6E900C61107 /* TestTextFieldViewController.m in Sources */ = {isa = PBXBuildFile; fileRef = 1F1E415120DCA6E900C61107 /* TestTextFieldViewController.m */; };
		1F226F5220F59B4800129AB6 /* NSString+Emoji.m in Sources */ = {isa = PBXBuildFile; fileRef = 1F226F5120F59B4800129AB6 /* NSString+Emoji.m */; };
		1F226F5520F59D5800129AB6 /* TestBoolJudgeViewController.m in Sources */ = {isa = PBXBuildFile; fileRef = 1F226F5420F59D5800129AB6 /* TestBoolJudgeViewController.m */; };
		1F226F5920F5A2C300129AB6 /* AppleSystemService.m in Sources */ = {isa = PBXBuildFile; fileRef = 1F226F5820F5A2C200129AB6 /* AppleSystemService.m */; };
		1F226F6420F5ED9800129AB6 /* UIButton+EdgeInsetsLayout.m in Sources */ = {isa = PBXBuildFile; fileRef = 1F226F6320F5ED9800129AB6 /* UIButton+EdgeInsetsLayout.m */; };
		1F28302F20D3B9B700624C76 /* Countdown.m in Sources */ = {isa = PBXBuildFile; fileRef = 1F282FB320D3B9B600624C76 /* Countdown.m */; };
		1F28303020D3B9B700624C76 /* Loading.bundle in Resources */ = {isa = PBXBuildFile; fileRef = 1F282FB520D3B9B600624C76 /* Loading.bundle */; };
		1F28303320D3B9B700624C76 /* Foundation+Log.m in Sources */ = {isa = PBXBuildFile; fileRef = 1F282FBB20D3B9B600624C76 /* Foundation+Log.m */; };
		1F28303420D3B9B700624C76 /* WYSegmentedView.m in Sources */ = {isa = PBXBuildFile; fileRef = 1F282FBF20D3B9B700624C76 /* WYSegmentedView.m */; };
		1F28304520D3B9B700624C76 /* WaterfallFlow.m in Sources */ = {isa = PBXBuildFile; fileRef = 1F282FE220D3B9B700624C76 /* WaterfallFlow.m */; };
		1F28304620D3B9B700624C76 /* WYScrollerView.m in Sources */ = {isa = PBXBuildFile; fileRef = 1F282FE520D3B9B700624C76 /* WYScrollerView.m */; };
		1F28304720D3B9B700624C76 /* CALayer+Extension.m in Sources */ = {isa = PBXBuildFile; fileRef = 1F282FE920D3B9B700624C76 /* CALayer+Extension.m */; };
		1F28304A20D3B9B700624C76 /* UIImageView+Extension.m in Sources */ = {isa = PBXBuildFile; fileRef = 1F282FF120D3B9B700624C76 /* UIImageView+Extension.m */; };
		1F28304B20D3B9B700624C76 /* UILabel+Extension.m in Sources */ = {isa = PBXBuildFile; fileRef = 1F282FF420D3B9B700624C76 /* UILabel+Extension.m */; };
		1F28304D20D3B9B700624C76 /* UITableView+Extension.m in Sources */ = {isa = PBXBuildFile; fileRef = 1F282FFA20D3B9B700624C76 /* UITableView+Extension.m */; };
		1F28304E20D3B9B700624C76 /* UITextField+Extension.m in Sources */ = {isa = PBXBuildFile; fileRef = 1F282FFD20D3B9B700624C76 /* UITextField+Extension.m */; };
		1F28304F20D3B9B700624C76 /* UITextView+Extension.m in Sources */ = {isa = PBXBuildFile; fileRef = 1F28300020D3B9B700624C76 /* UITextView+Extension.m */; };
		1F28305020D3B9B700624C76 /* UIView+Extension.m in Sources */ = {isa = PBXBuildFile; fileRef = 1F28300320D3B9B700624C76 /* UIView+Extension.m */; };
		1F28305120D3B9B700624C76 /* UIView+Rounded.m in Sources */ = {isa = PBXBuildFile; fileRef = 1F28300520D3B9B700624C76 /* UIView+Rounded.m */; };
		1F28305220D3B9B700624C76 /* WKWebView+Extension.m in Sources */ = {isa = PBXBuildFile; fileRef = 1F28300820D3B9B700624C76 /* WKWebView+Extension.m */; };
		1F28305320D3B9B700624C76 /* BoolJudge.m in Sources */ = {isa = PBXBuildFile; fileRef = 1F28300F20D3B9B700624C76 /* BoolJudge.m */; };
		1F28305420D3B9B700624C76 /* LocalStorage.m in Sources */ = {isa = PBXBuildFile; fileRef = 1F28301220D3B9B700624C76 /* LocalStorage.m */; };
		1F28305620D3B9B700624C76 /* NSArray+Extension.m in Sources */ = {isa = PBXBuildFile; fileRef = 1F28301920D3B9B700624C76 /* NSArray+Extension.m */; };
		1F28305920D3B9B700624C76 /* NSString+Extension.m in Sources */ = {isa = PBXBuildFile; fileRef = 1F28301F20D3B9B700624C76 /* NSString+Extension.m */; };
		1F28305A20D3B9B700624C76 /* UIColor+Extension.m in Sources */ = {isa = PBXBuildFile; fileRef = 1F28302120D3B9B700624C76 /* UIColor+Extension.m */; };
		1F28305B20D3B9B700624C76 /* UIFont+Extension.m in Sources */ = {isa = PBXBuildFile; fileRef = 1F28302320D3B9B700624C76 /* UIFont+Extension.m */; };
		1F28305C20D3B9B700624C76 /* UIImage+Extension.m in Sources */ = {isa = PBXBuildFile; fileRef = 1F28302520D3B9B700624C76 /* UIImage+Extension.m */; };
		1F28305D20D3B9B700624C76 /* RefreshView.m in Sources */ = {isa = PBXBuildFile; fileRef = 1F28302820D3B9B700624C76 /* RefreshView.m */; };
		1F28306420D3BAAA00624C76 /* NSMutableAttributedString+Extension.m in Sources */ = {isa = PBXBuildFile; fileRef = 1F28306120D3BAA900624C76 /* NSMutableAttributedString+Extension.m */; };
		1F28306520D3BAAA00624C76 /* NSMutableParagraphStyle+Extension.m in Sources */ = {isa = PBXBuildFile; fileRef = 1F28306220D3BAAA00624C76 /* NSMutableParagraphStyle+Extension.m */; };
		1F2F46762125660900849E2D /* StateView.m in Sources */ = {isa = PBXBuildFile; fileRef = 1F2F46752125660900849E2D /* StateView.m */; };
		1F3360F420DB40D9009BD7AB /* TestTextViewViewController.m in Sources */ = {isa = PBXBuildFile; fileRef = 1F3360F320DB40D9009BD7AB /* TestTextViewViewController.m */; };
		1F46231A2122BDEE00418CD3 /* LoadingView.m in Sources */ = {isa = PBXBuildFile; fileRef = 1F4623192122BDEE00418CD3 /* LoadingView.m */; };
		1F59A64520D8A1F40055AAB4 /* TestWebViewViewController.m in Sources */ = {isa = PBXBuildFile; fileRef = 1F59A64420D8A1F40055AAB4 /* TestWebViewViewController.m */; };
		1F59A64B20D8A7040055AAB4 /* MainViewController.m in Sources */ = {isa = PBXBuildFile; fileRef = 1F59A64A20D8A7040055AAB4 /* MainViewController.m */; };
		1F59A64E20D8A91F0055AAB4 /* UINavigationController+Extension.m in Sources */ = {isa = PBXBuildFile; fileRef = 1F59A64D20D8A91F0055AAB4 /* UINavigationController+Extension.m */; };
		1F59A65120D8E5B80055AAB4 /* UIViewController+Extension.m in Sources */ = {isa = PBXBuildFile; fileRef = 1F59A65020D8E5B80055AAB4 /* UIViewController+Extension.m */; };
		1F64823820F34470001D4B0A /* NSString+RSA.m in Sources */ = {isa = PBXBuildFile; fileRef = 1F64823720F34470001D4B0A /* NSString+RSA.m */; };
		1F64823B20F3447E001D4B0A /* NSString+AES256.m in Sources */ = {isa = PBXBuildFile; fileRef = 1F64823A20F3447E001D4B0A /* NSString+AES256.m */; };
		1F64823E20F34489001D4B0A /* NSString+DES.m in Sources */ = {isa = PBXBuildFile; fileRef = 1F64823D20F34489001D4B0A /* NSString+DES.m */; };
		1F64824120F34494001D4B0A /* NSString+MD5.m in Sources */ = {isa = PBXBuildFile; fileRef = 1F64824020F34494001D4B0A /* NSString+MD5.m */; };
		1FA9267620DA46A500C5D12B /* TestLableViewController.m in Sources */ = {isa = PBXBuildFile; fileRef = 1FA9267520DA46A500C5D12B /* TestLableViewController.m */; };
		1FBEBE9320DB78030038FBBF /* UILabel+RichText.m in Sources */ = {isa = PBXBuildFile; fileRef = 1FBEBE9220DB78030038FBBF /* UILabel+RichText.m */; };
		1FC5FDA920DCE70F0092CED8 /* UIButton+Extension.m in Sources */ = {isa = PBXBuildFile; fileRef = 1FC5FDA620DCE70F0092CED8 /* UIButton+Extension.m */; };
		1FC5FDAD20DCE75B0092CED8 /* TestTUIButtonViewController.m in Sources */ = {isa = PBXBuildFile; fileRef = 1FC5FDAC20DCE75B0092CED8 /* TestTUIButtonViewController.m */; };
		1FD24D7C20FEDF23004B7D3F /* TestLoadingStateViewController.m in Sources */ = {isa = PBXBuildFile; fileRef = 1FD24D7B20FEDF23004B7D3F /* TestLoadingStateViewController.m */; };
		1FFBD91A20BA874700305331 /* AppDelegate.m in Sources */ = {isa = PBXBuildFile; fileRef = 1FFBD91920BA874700305331 /* AppDelegate.m */; };
		1FFBD92220BA874800305331 /* Assets.xcassets in Resources */ = {isa = PBXBuildFile; fileRef = 1FFBD92120BA874800305331 /* Assets.xcassets */; };
		1FFBD92520BA874800305331 /* LaunchScreen.storyboard in Resources */ = {isa = PBXBuildFile; fileRef = 1FFBD92320BA874800305331 /* LaunchScreen.storyboard */; };
		1FFBD92820BA874800305331 /* main.m in Sources */ = {isa = PBXBuildFile; fileRef = 1FFBD92720BA874800305331 /* main.m */; };
/* End PBXBuildFile section */

/* Begin PBXFileReference section */
		0B75358EB85F4ECBE048F1E3 /* Pods-WYBasisKit.debug.xcconfig */ = {isa = PBXFileReference; includeInIndex = 1; lastKnownFileType = text.xcconfig; name = "Pods-WYBasisKit.debug.xcconfig"; path = "Pods/Target Support Files/Pods-WYBasisKit/Pods-WYBasisKit.debug.xcconfig"; sourceTree = "<group>"; };
		1B031672422552F5538E4614 /* libPods-WYBasisKit.a */ = {isa = PBXFileReference; explicitFileType = archive.ar; includeInIndex = 0; path = "libPods-WYBasisKit.a"; sourceTree = BUILT_PRODUCTS_DIR; };
		1F0A182520E1D24500532AA3 /* NetworkMonitoring.h */ = {isa = PBXFileReference; fileEncoding = 4; lastKnownFileType = sourcecode.c.h; path = NetworkMonitoring.h; sourceTree = "<group>"; };
		1F0A182620E1D24500532AA3 /* Reachability.h */ = {isa = PBXFileReference; fileEncoding = 4; lastKnownFileType = sourcecode.c.h; path = Reachability.h; sourceTree = "<group>"; };
		1F0A182720E1D24500532AA3 /* NetworkMonitoring.m */ = {isa = PBXFileReference; fileEncoding = 4; lastKnownFileType = sourcecode.c.objc; path = NetworkMonitoring.m; sourceTree = "<group>"; };
		1F0A182820E1D24500532AA3 /* Reachability.m */ = {isa = PBXFileReference; fileEncoding = 4; lastKnownFileType = sourcecode.c.objc; path = Reachability.m; sourceTree = "<group>"; };
		1F0A182D20E216B000532AA3 /* WYNetworking.h */ = {isa = PBXFileReference; lastKnownFileType = sourcecode.c.h; path = WYNetworking.h; sourceTree = "<group>"; };
		1F0A182E20E216B000532AA3 /* WYNetworking.m */ = {isa = PBXFileReference; lastKnownFileType = sourcecode.c.objc; path = WYNetworking.m; sourceTree = "<group>"; };
		1F1174532123BE9D009BB0A4 /* NSObject+ModelParse.m */ = {isa = PBXFileReference; fileEncoding = 4; lastKnownFileType = sourcecode.c.objc; path = "NSObject+ModelParse.m"; sourceTree = "<group>"; };
		1F1174542123BE9D009BB0A4 /* NSObject+ModelParse.h */ = {isa = PBXFileReference; fileEncoding = 4; lastKnownFileType = sourcecode.c.h; path = "NSObject+ModelParse.h"; sourceTree = "<group>"; };
		1F1D41D920F455E000FB65E2 /* GTMDefines.h */ = {isa = PBXFileReference; fileEncoding = 4; lastKnownFileType = sourcecode.c.h; path = GTMDefines.h; sourceTree = "<group>"; };
		1F1D41DA20F4560700FB65E2 /* GTMBase64.h */ = {isa = PBXFileReference; fileEncoding = 4; lastKnownFileType = sourcecode.c.h; path = GTMBase64.h; sourceTree = "<group>"; };
		1F1D41DB20F4560700FB65E2 /* GTMBase64.m */ = {isa = PBXFileReference; fileEncoding = 4; lastKnownFileType = sourcecode.c.objc; path = GTMBase64.m; sourceTree = "<group>"; };
		1F1D41DD20F4570300FB65E2 /* NSData+CommonCrypto.h */ = {isa = PBXFileReference; fileEncoding = 4; lastKnownFileType = sourcecode.c.h; path = "NSData+CommonCrypto.h"; sourceTree = "<group>"; };
		1F1D41DE20F4570300FB65E2 /* NSData+CommonCrypto.m */ = {isa = PBXFileReference; fileEncoding = 4; lastKnownFileType = sourcecode.c.objc; path = "NSData+CommonCrypto.m"; sourceTree = "<group>"; };
		1F1D41E020F4573F00FB65E2 /* NSString+Base64.m */ = {isa = PBXFileReference; fileEncoding = 4; lastKnownFileType = sourcecode.c.objc; path = "NSString+Base64.m"; sourceTree = "<group>"; };
		1F1D41E120F4573F00FB65E2 /* NSString+Base64.h */ = {isa = PBXFileReference; fileEncoding = 4; lastKnownFileType = sourcecode.c.h; path = "NSString+Base64.h"; sourceTree = "<group>"; };
		1F1D41E320F4576900FB65E2 /* NSData+Base64.h */ = {isa = PBXFileReference; fileEncoding = 4; lastKnownFileType = sourcecode.c.h; path = "NSData+Base64.h"; sourceTree = "<group>"; };
		1F1D41E420F4576900FB65E2 /* NSData+Base64.m */ = {isa = PBXFileReference; fileEncoding = 4; lastKnownFileType = sourcecode.c.objc; path = "NSData+Base64.m"; sourceTree = "<group>"; };
		1F1E415020DCA6E900C61107 /* TestTextFieldViewController.h */ = {isa = PBXFileReference; lastKnownFileType = sourcecode.c.h; path = TestTextFieldViewController.h; sourceTree = "<group>"; };
		1F1E415120DCA6E900C61107 /* TestTextFieldViewController.m */ = {isa = PBXFileReference; lastKnownFileType = sourcecode.c.objc; path = TestTextFieldViewController.m; sourceTree = "<group>"; };
		1F226F5020F59B4800129AB6 /* NSString+Emoji.h */ = {isa = PBXFileReference; lastKnownFileType = sourcecode.c.h; path = "NSString+Emoji.h"; sourceTree = "<group>"; };
		1F226F5120F59B4800129AB6 /* NSString+Emoji.m */ = {isa = PBXFileReference; lastKnownFileType = sourcecode.c.objc; path = "NSString+Emoji.m"; sourceTree = "<group>"; };
		1F226F5320F59D5800129AB6 /* TestBoolJudgeViewController.h */ = {isa = PBXFileReference; lastKnownFileType = sourcecode.c.h; path = TestBoolJudgeViewController.h; sourceTree = "<group>"; };
		1F226F5420F59D5800129AB6 /* TestBoolJudgeViewController.m */ = {isa = PBXFileReference; lastKnownFileType = sourcecode.c.objc; path = TestBoolJudgeViewController.m; sourceTree = "<group>"; };
		1F226F5720F5A2C200129AB6 /* AppleSystemService.h */ = {isa = PBXFileReference; lastKnownFileType = sourcecode.c.h; path = AppleSystemService.h; sourceTree = "<group>"; };
		1F226F5820F5A2C200129AB6 /* AppleSystemService.m */ = {isa = PBXFileReference; lastKnownFileType = sourcecode.c.objc; path = AppleSystemService.m; sourceTree = "<group>"; };
		1F226F6220F5ED9800129AB6 /* UIButton+EdgeInsetsLayout.h */ = {isa = PBXFileReference; lastKnownFileType = sourcecode.c.h; path = "UIButton+EdgeInsetsLayout.h"; sourceTree = "<group>"; };
		1F226F6320F5ED9800129AB6 /* UIButton+EdgeInsetsLayout.m */ = {isa = PBXFileReference; lastKnownFileType = sourcecode.c.objc; path = "UIButton+EdgeInsetsLayout.m"; sourceTree = "<group>"; };
		1F282FB220D3B9B600624C76 /* Countdown.h */ = {isa = PBXFileReference; fileEncoding = 4; lastKnownFileType = sourcecode.c.h; path = Countdown.h; sourceTree = "<group>"; };
		1F282FB320D3B9B600624C76 /* Countdown.m */ = {isa = PBXFileReference; fileEncoding = 4; lastKnownFileType = sourcecode.c.objc; path = Countdown.m; sourceTree = "<group>"; };
		1F282FB520D3B9B600624C76 /* Loading.bundle */ = {isa = PBXFileReference; lastKnownFileType = "wrapper.plug-in"; path = Loading.bundle; sourceTree = "<group>"; };
		1F282FBB20D3B9B600624C76 /* Foundation+Log.m */ = {isa = PBXFileReference; fileEncoding = 4; lastKnownFileType = sourcecode.c.objc; path = "Foundation+Log.m"; sourceTree = "<group>"; };
		1F282FBE20D3B9B700624C76 /* WYSegmentedView.h */ = {isa = PBXFileReference; fileEncoding = 4; lastKnownFileType = sourcecode.c.h; path = WYSegmentedView.h; sourceTree = "<group>"; };
		1F282FBF20D3B9B700624C76 /* WYSegmentedView.m */ = {isa = PBXFileReference; fileEncoding = 4; lastKnownFileType = sourcecode.c.objc; path = WYSegmentedView.m; sourceTree = "<group>"; };
		1F282FE120D3B9B700624C76 /* WaterfallFlow.h */ = {isa = PBXFileReference; fileEncoding = 4; lastKnownFileType = sourcecode.c.h; path = WaterfallFlow.h; sourceTree = "<group>"; };
		1F282FE220D3B9B700624C76 /* WaterfallFlow.m */ = {isa = PBXFileReference; fileEncoding = 4; lastKnownFileType = sourcecode.c.objc; path = WaterfallFlow.m; sourceTree = "<group>"; };
		1F282FE420D3B9B700624C76 /* WYScrollerView.h */ = {isa = PBXFileReference; fileEncoding = 4; lastKnownFileType = sourcecode.c.h; path = WYScrollerView.h; sourceTree = "<group>"; };
		1F282FE520D3B9B700624C76 /* WYScrollerView.m */ = {isa = PBXFileReference; fileEncoding = 4; lastKnownFileType = sourcecode.c.objc; path = WYScrollerView.m; sourceTree = "<group>"; };
		1F282FE820D3B9B700624C76 /* CALayer+Extension.h */ = {isa = PBXFileReference; fileEncoding = 4; lastKnownFileType = sourcecode.c.h; path = "CALayer+Extension.h"; sourceTree = "<group>"; };
		1F282FE920D3B9B700624C76 /* CALayer+Extension.m */ = {isa = PBXFileReference; fileEncoding = 4; lastKnownFileType = sourcecode.c.objc; path = "CALayer+Extension.m"; sourceTree = "<group>"; };
		1F282FF020D3B9B700624C76 /* UIImageView+Extension.h */ = {isa = PBXFileReference; fileEncoding = 4; lastKnownFileType = sourcecode.c.h; path = "UIImageView+Extension.h"; sourceTree = "<group>"; };
		1F282FF120D3B9B700624C76 /* UIImageView+Extension.m */ = {isa = PBXFileReference; fileEncoding = 4; lastKnownFileType = sourcecode.c.objc; path = "UIImageView+Extension.m"; sourceTree = "<group>"; };
		1F282FF320D3B9B700624C76 /* UILabel+Extension.h */ = {isa = PBXFileReference; fileEncoding = 4; lastKnownFileType = sourcecode.c.h; path = "UILabel+Extension.h"; sourceTree = "<group>"; };
		1F282FF420D3B9B700624C76 /* UILabel+Extension.m */ = {isa = PBXFileReference; fileEncoding = 4; lastKnownFileType = sourcecode.c.objc; path = "UILabel+Extension.m"; sourceTree = "<group>"; };
		1F282FF920D3B9B700624C76 /* UITableView+Extension.h */ = {isa = PBXFileReference; fileEncoding = 4; lastKnownFileType = sourcecode.c.h; path = "UITableView+Extension.h"; sourceTree = "<group>"; };
		1F282FFA20D3B9B700624C76 /* UITableView+Extension.m */ = {isa = PBXFileReference; fileEncoding = 4; lastKnownFileType = sourcecode.c.objc; path = "UITableView+Extension.m"; sourceTree = "<group>"; };
		1F282FFC20D3B9B700624C76 /* UITextField+Extension.h */ = {isa = PBXFileReference; fileEncoding = 4; lastKnownFileType = sourcecode.c.h; path = "UITextField+Extension.h"; sourceTree = "<group>"; };
		1F282FFD20D3B9B700624C76 /* UITextField+Extension.m */ = {isa = PBXFileReference; fileEncoding = 4; lastKnownFileType = sourcecode.c.objc; path = "UITextField+Extension.m"; sourceTree = "<group>"; };
		1F282FFF20D3B9B700624C76 /* UITextView+Extension.h */ = {isa = PBXFileReference; fileEncoding = 4; lastKnownFileType = sourcecode.c.h; path = "UITextView+Extension.h"; sourceTree = "<group>"; };
		1F28300020D3B9B700624C76 /* UITextView+Extension.m */ = {isa = PBXFileReference; fileEncoding = 4; lastKnownFileType = sourcecode.c.objc; path = "UITextView+Extension.m"; sourceTree = "<group>"; };
		1F28300220D3B9B700624C76 /* UIView+Extension.h */ = {isa = PBXFileReference; fileEncoding = 4; lastKnownFileType = sourcecode.c.h; path = "UIView+Extension.h"; sourceTree = "<group>"; };
		1F28300320D3B9B700624C76 /* UIView+Extension.m */ = {isa = PBXFileReference; fileEncoding = 4; lastKnownFileType = sourcecode.c.objc; path = "UIView+Extension.m"; sourceTree = "<group>"; };
		1F28300420D3B9B700624C76 /* UIView+Rounded.h */ = {isa = PBXFileReference; fileEncoding = 4; lastKnownFileType = sourcecode.c.h; path = "UIView+Rounded.h"; sourceTree = "<group>"; };
		1F28300520D3B9B700624C76 /* UIView+Rounded.m */ = {isa = PBXFileReference; fileEncoding = 4; lastKnownFileType = sourcecode.c.objc; path = "UIView+Rounded.m"; sourceTree = "<group>"; };
		1F28300720D3B9B700624C76 /* WKWebView+Extension.h */ = {isa = PBXFileReference; fileEncoding = 4; lastKnownFileType = sourcecode.c.h; path = "WKWebView+Extension.h"; sourceTree = "<group>"; };
		1F28300820D3B9B700624C76 /* WKWebView+Extension.m */ = {isa = PBXFileReference; fileEncoding = 4; lastKnownFileType = sourcecode.c.objc; path = "WKWebView+Extension.m"; sourceTree = "<group>"; };
		1F28300A20D3B9B700624C76 /* APIMacro.h */ = {isa = PBXFileReference; fileEncoding = 4; lastKnownFileType = sourcecode.c.h; path = APIMacro.h; sourceTree = "<group>"; };
		1F28300B20D3B9B700624C76 /* GlobalHeader.pch */ = {isa = PBXFileReference; fileEncoding = 4; lastKnownFileType = sourcecode.c.h; path = GlobalHeader.pch; sourceTree = "<group>"; };
		1F28300C20D3B9B700624C76 /* MacroDefinition.h */ = {isa = PBXFileReference; fileEncoding = 4; lastKnownFileType = sourcecode.c.h; path = MacroDefinition.h; sourceTree = "<group>"; };
		1F28300E20D3B9B700624C76 /* BoolJudge.h */ = {isa = PBXFileReference; fileEncoding = 4; lastKnownFileType = sourcecode.c.h; path = BoolJudge.h; sourceTree = "<group>"; };
		1F28300F20D3B9B700624C76 /* BoolJudge.m */ = {isa = PBXFileReference; fileEncoding = 4; lastKnownFileType = sourcecode.c.objc; path = BoolJudge.m; sourceTree = "<group>"; };
		1F28301120D3B9B700624C76 /* LocalStorage.h */ = {isa = PBXFileReference; fileEncoding = 4; lastKnownFileType = sourcecode.c.h; path = LocalStorage.h; sourceTree = "<group>"; };
		1F28301220D3B9B700624C76 /* LocalStorage.m */ = {isa = PBXFileReference; fileEncoding = 4; lastKnownFileType = sourcecode.c.objc; path = LocalStorage.m; sourceTree = "<group>"; };
		1F28301820D3B9B700624C76 /* NSArray+Extension.h */ = {isa = PBXFileReference; fileEncoding = 4; lastKnownFileType = sourcecode.c.h; path = "NSArray+Extension.h"; sourceTree = "<group>"; };
		1F28301920D3B9B700624C76 /* NSArray+Extension.m */ = {isa = PBXFileReference; fileEncoding = 4; lastKnownFileType = sourcecode.c.objc; path = "NSArray+Extension.m"; sourceTree = "<group>"; };
		1F28301E20D3B9B700624C76 /* NSString+Extension.h */ = {isa = PBXFileReference; fileEncoding = 4; lastKnownFileType = sourcecode.c.h; path = "NSString+Extension.h"; sourceTree = "<group>"; };
		1F28301F20D3B9B700624C76 /* NSString+Extension.m */ = {isa = PBXFileReference; fileEncoding = 4; lastKnownFileType = sourcecode.c.objc; path = "NSString+Extension.m"; sourceTree = "<group>"; };
		1F28302020D3B9B700624C76 /* UIColor+Extension.h */ = {isa = PBXFileReference; fileEncoding = 4; lastKnownFileType = sourcecode.c.h; path = "UIColor+Extension.h"; sourceTree = "<group>"; };
		1F28302120D3B9B700624C76 /* UIColor+Extension.m */ = {isa = PBXFileReference; fileEncoding = 4; lastKnownFileType = sourcecode.c.objc; path = "UIColor+Extension.m"; sourceTree = "<group>"; };
		1F28302220D3B9B700624C76 /* UIFont+Extension.h */ = {isa = PBXFileReference; fileEncoding = 4; lastKnownFileType = sourcecode.c.h; path = "UIFont+Extension.h"; sourceTree = "<group>"; };
		1F28302320D3B9B700624C76 /* UIFont+Extension.m */ = {isa = PBXFileReference; fileEncoding = 4; lastKnownFileType = sourcecode.c.objc; path = "UIFont+Extension.m"; sourceTree = "<group>"; };
		1F28302420D3B9B700624C76 /* UIImage+Extension.h */ = {isa = PBXFileReference; fileEncoding = 4; lastKnownFileType = sourcecode.c.h; path = "UIImage+Extension.h"; sourceTree = "<group>"; };
		1F28302520D3B9B700624C76 /* UIImage+Extension.m */ = {isa = PBXFileReference; fileEncoding = 4; lastKnownFileType = sourcecode.c.objc; path = "UIImage+Extension.m"; sourceTree = "<group>"; };
		1F28302720D3B9B700624C76 /* RefreshView.h */ = {isa = PBXFileReference; fileEncoding = 4; lastKnownFileType = sourcecode.c.h; path = RefreshView.h; sourceTree = "<group>"; };
		1F28302820D3B9B700624C76 /* RefreshView.m */ = {isa = PBXFileReference; fileEncoding = 4; lastKnownFileType = sourcecode.c.objc; path = RefreshView.m; sourceTree = "<group>"; };
		1F28306020D3BAA900624C76 /* NSMutableParagraphStyle+Extension.h */ = {isa = PBXFileReference; fileEncoding = 4; lastKnownFileType = sourcecode.c.h; path = "NSMutableParagraphStyle+Extension.h"; sourceTree = "<group>"; };
		1F28306120D3BAA900624C76 /* NSMutableAttributedString+Extension.m */ = {isa = PBXFileReference; fileEncoding = 4; lastKnownFileType = sourcecode.c.objc; path = "NSMutableAttributedString+Extension.m"; sourceTree = "<group>"; };
		1F28306220D3BAAA00624C76 /* NSMutableParagraphStyle+Extension.m */ = {isa = PBXFileReference; fileEncoding = 4; lastKnownFileType = sourcecode.c.objc; path = "NSMutableParagraphStyle+Extension.m"; sourceTree = "<group>"; };
		1F28306320D3BAAA00624C76 /* NSMutableAttributedString+Extension.h */ = {isa = PBXFileReference; fileEncoding = 4; lastKnownFileType = sourcecode.c.h; path = "NSMutableAttributedString+Extension.h"; sourceTree = "<group>"; };
		1F2D9C9D212FA1810025A48E /* Singleton.h */ = {isa = PBXFileReference; lastKnownFileType = sourcecode.c.h; path = Singleton.h; sourceTree = "<group>"; };
		1F2F46742125660800849E2D /* StateView.h */ = {isa = PBXFileReference; lastKnownFileType = sourcecode.c.h; path = StateView.h; sourceTree = "<group>"; };
		1F2F46752125660900849E2D /* StateView.m */ = {isa = PBXFileReference; lastKnownFileType = sourcecode.c.objc; path = StateView.m; sourceTree = "<group>"; };
		1F3360F220DB40D9009BD7AB /* TestTextViewViewController.h */ = {isa = PBXFileReference; lastKnownFileType = sourcecode.c.h; path = TestTextViewViewController.h; sourceTree = "<group>"; };
		1F3360F320DB40D9009BD7AB /* TestTextViewViewController.m */ = {isa = PBXFileReference; lastKnownFileType = sourcecode.c.objc; path = TestTextViewViewController.m; sourceTree = "<group>"; };
		1F4623182122BDEE00418CD3 /* LoadingView.h */ = {isa = PBXFileReference; lastKnownFileType = sourcecode.c.h; path = LoadingView.h; sourceTree = "<group>"; };
		1F4623192122BDEE00418CD3 /* LoadingView.m */ = {isa = PBXFileReference; lastKnownFileType = sourcecode.c.objc; path = LoadingView.m; sourceTree = "<group>"; };
		1F59A64320D8A1F40055AAB4 /* TestWebViewViewController.h */ = {isa = PBXFileReference; lastKnownFileType = sourcecode.c.h; path = TestWebViewViewController.h; sourceTree = "<group>"; };
		1F59A64420D8A1F40055AAB4 /* TestWebViewViewController.m */ = {isa = PBXFileReference; lastKnownFileType = sourcecode.c.objc; path = TestWebViewViewController.m; sourceTree = "<group>"; };
		1F59A64920D8A7040055AAB4 /* MainViewController.h */ = {isa = PBXFileReference; lastKnownFileType = sourcecode.c.h; path = MainViewController.h; sourceTree = "<group>"; };
		1F59A64A20D8A7040055AAB4 /* MainViewController.m */ = {isa = PBXFileReference; lastKnownFileType = sourcecode.c.objc; path = MainViewController.m; sourceTree = "<group>"; };
		1F59A64C20D8A91F0055AAB4 /* UINavigationController+Extension.h */ = {isa = PBXFileReference; lastKnownFileType = sourcecode.c.h; path = "UINavigationController+Extension.h"; sourceTree = "<group>"; };
		1F59A64D20D8A91F0055AAB4 /* UINavigationController+Extension.m */ = {isa = PBXFileReference; lastKnownFileType = sourcecode.c.objc; path = "UINavigationController+Extension.m"; sourceTree = "<group>"; };
		1F59A64F20D8E5B80055AAB4 /* UIViewController+Extension.h */ = {isa = PBXFileReference; lastKnownFileType = sourcecode.c.h; path = "UIViewController+Extension.h"; sourceTree = "<group>"; };
		1F59A65020D8E5B80055AAB4 /* UIViewController+Extension.m */ = {isa = PBXFileReference; lastKnownFileType = sourcecode.c.objc; path = "UIViewController+Extension.m"; sourceTree = "<group>"; };
		1F64823620F34470001D4B0A /* NSString+RSA.h */ = {isa = PBXFileReference; lastKnownFileType = sourcecode.c.h; path = "NSString+RSA.h"; sourceTree = "<group>"; };
		1F64823720F34470001D4B0A /* NSString+RSA.m */ = {isa = PBXFileReference; lastKnownFileType = sourcecode.c.objc; path = "NSString+RSA.m"; sourceTree = "<group>"; };
		1F64823920F3447E001D4B0A /* NSString+AES256.h */ = {isa = PBXFileReference; lastKnownFileType = sourcecode.c.h; path = "NSString+AES256.h"; sourceTree = "<group>"; };
		1F64823A20F3447E001D4B0A /* NSString+AES256.m */ = {isa = PBXFileReference; lastKnownFileType = sourcecode.c.objc; path = "NSString+AES256.m"; sourceTree = "<group>"; };
		1F64823C20F34489001D4B0A /* NSString+DES.h */ = {isa = PBXFileReference; lastKnownFileType = sourcecode.c.h; path = "NSString+DES.h"; sourceTree = "<group>"; };
		1F64823D20F34489001D4B0A /* NSString+DES.m */ = {isa = PBXFileReference; lastKnownFileType = sourcecode.c.objc; path = "NSString+DES.m"; sourceTree = "<group>"; };
		1F64823F20F34494001D4B0A /* NSString+MD5.h */ = {isa = PBXFileReference; lastKnownFileType = sourcecode.c.h; path = "NSString+MD5.h"; sourceTree = "<group>"; };
		1F64824020F34494001D4B0A /* NSString+MD5.m */ = {isa = PBXFileReference; lastKnownFileType = sourcecode.c.objc; path = "NSString+MD5.m"; sourceTree = "<group>"; };
		1FA9267420DA46A500C5D12B /* TestLableViewController.h */ = {isa = PBXFileReference; lastKnownFileType = sourcecode.c.h; path = TestLableViewController.h; sourceTree = "<group>"; };
		1FA9267520DA46A500C5D12B /* TestLableViewController.m */ = {isa = PBXFileReference; lastKnownFileType = sourcecode.c.objc; path = TestLableViewController.m; sourceTree = "<group>"; };
		1FBEBE9120DB78030038FBBF /* UILabel+RichText.h */ = {isa = PBXFileReference; lastKnownFileType = sourcecode.c.h; path = "UILabel+RichText.h"; sourceTree = "<group>"; };
		1FBEBE9220DB78030038FBBF /* UILabel+RichText.m */ = {isa = PBXFileReference; lastKnownFileType = sourcecode.c.objc; path = "UILabel+RichText.m"; sourceTree = "<group>"; };
		1FC5FDA520DCE70F0092CED8 /* UIButton+Extension.h */ = {isa = PBXFileReference; fileEncoding = 4; lastKnownFileType = sourcecode.c.h; path = "UIButton+Extension.h"; sourceTree = "<group>"; };
		1FC5FDA620DCE70F0092CED8 /* UIButton+Extension.m */ = {isa = PBXFileReference; fileEncoding = 4; lastKnownFileType = sourcecode.c.objc; path = "UIButton+Extension.m"; sourceTree = "<group>"; };
		1FC5FDAB20DCE75B0092CED8 /* TestTUIButtonViewController.h */ = {isa = PBXFileReference; lastKnownFileType = sourcecode.c.h; path = TestTUIButtonViewController.h; sourceTree = "<group>"; };
		1FC5FDAC20DCE75B0092CED8 /* TestTUIButtonViewController.m */ = {isa = PBXFileReference; lastKnownFileType = sourcecode.c.objc; path = TestTUIButtonViewController.m; sourceTree = "<group>"; };
		1FD24D7A20FEDF23004B7D3F /* TestLoadingStateViewController.h */ = {isa = PBXFileReference; lastKnownFileType = sourcecode.c.h; path = TestLoadingStateViewController.h; sourceTree = "<group>"; };
		1FD24D7B20FEDF23004B7D3F /* TestLoadingStateViewController.m */ = {isa = PBXFileReference; lastKnownFileType = sourcecode.c.objc; path = TestLoadingStateViewController.m; sourceTree = "<group>"; };
		1FFBD91520BA874600305331 /* WYBasisKit.app */ = {isa = PBXFileReference; explicitFileType = wrapper.application; includeInIndex = 0; path = WYBasisKit.app; sourceTree = BUILT_PRODUCTS_DIR; };
		1FFBD91820BA874700305331 /* AppDelegate.h */ = {isa = PBXFileReference; lastKnownFileType = sourcecode.c.h; path = AppDelegate.h; sourceTree = "<group>"; };
		1FFBD91920BA874700305331 /* AppDelegate.m */ = {isa = PBXFileReference; lastKnownFileType = sourcecode.c.objc; path = AppDelegate.m; sourceTree = "<group>"; };
		1FFBD92120BA874800305331 /* Assets.xcassets */ = {isa = PBXFileReference; lastKnownFileType = folder.assetcatalog; path = Assets.xcassets; sourceTree = "<group>"; };
		1FFBD92420BA874800305331 /* Base */ = {isa = PBXFileReference; lastKnownFileType = file.storyboard; name = Base; path = Base.lproj/LaunchScreen.storyboard; sourceTree = "<group>"; };
		1FFBD92620BA874800305331 /* Info.plist */ = {isa = PBXFileReference; lastKnownFileType = text.plist.xml; path = Info.plist; sourceTree = "<group>"; };
		1FFBD92720BA874800305331 /* main.m */ = {isa = PBXFileReference; lastKnownFileType = sourcecode.c.objc; path = main.m; sourceTree = "<group>"; };
		68A8E59B41F877FEF5AA9E31 /* Pods-WYBasisKit.release.xcconfig */ = {isa = PBXFileReference; includeInIndex = 1; lastKnownFileType = text.xcconfig; name = "Pods-WYBasisKit.release.xcconfig"; path = "Pods/Target Support Files/Pods-WYBasisKit/Pods-WYBasisKit.release.xcconfig"; sourceTree = "<group>"; };
/* End PBXFileReference section */

/* Begin PBXFrameworksBuildPhase section */
		1FFBD91220BA874600305331 /* Frameworks */ = {
			isa = PBXFrameworksBuildPhase;
			buildActionMask = 2147483647;
			files = (
				0EF83125CC678A935E00F2B3 /* libPods-WYBasisKit.a in Frameworks */,
			);
			runOnlyForDeploymentPostprocessing = 0;
		};
/* End PBXFrameworksBuildPhase section */

/* Begin PBXGroup section */
		1F0A182C20E2167600532AA3 /* Networking */ = {
			isa = PBXGroup;
			children = (
				1F0A182D20E216B000532AA3 /* WYNetworking.h */,
				1F0A182E20E216B000532AA3 /* WYNetworking.m */,
			);
			path = Networking;
			sourceTree = "<group>";
		};
		1F11744F2123BCC8009BB0A4 /* NSObject */ = {
			isa = PBXGroup;
			children = (
				1F1174542123BE9D009BB0A4 /* NSObject+ModelParse.h */,
				1F1174532123BE9D009BB0A4 /* NSObject+ModelParse.m */,
			);
			path = NSObject;
			sourceTree = "<group>";
		};
		1F1D41D520F4558000FB65E2 /* BASE */ = {
			isa = PBXGroup;
			children = (
				1F1D41D920F455E000FB65E2 /* GTMDefines.h */,
				1F1D41DA20F4560700FB65E2 /* GTMBase64.h */,
				1F1D41DB20F4560700FB65E2 /* GTMBase64.m */,
				1F1D41E120F4573F00FB65E2 /* NSString+Base64.h */,
				1F1D41E020F4573F00FB65E2 /* NSString+Base64.m */,
				1F1D41E320F4576900FB65E2 /* NSData+Base64.h */,
				1F1D41E420F4576900FB65E2 /* NSData+Base64.m */,
				1F1D41DD20F4570300FB65E2 /* NSData+CommonCrypto.h */,
				1F1D41DE20F4570300FB65E2 /* NSData+CommonCrypto.m */,
			);
			path = BASE;
			sourceTree = "<group>";
		};
		1F226F4720F598F000129AB6 /* NSArray */ = {
			isa = PBXGroup;
			children = (
				1F28301820D3B9B700624C76 /* NSArray+Extension.h */,
				1F28301920D3B9B700624C76 /* NSArray+Extension.m */,
			);
			path = NSArray;
			sourceTree = "<group>";
		};
		1F226F4820F5990400129AB6 /* NSString */ = {
			isa = PBXGroup;
			children = (
				1F28301E20D3B9B700624C76 /* NSString+Extension.h */,
				1F28301F20D3B9B700624C76 /* NSString+Extension.m */,
				1F226F5020F59B4800129AB6 /* NSString+Emoji.h */,
				1F226F5120F59B4800129AB6 /* NSString+Emoji.m */,
			);
			path = NSString;
			sourceTree = "<group>";
		};
		1F226F4920F5991E00129AB6 /* UIColor */ = {
			isa = PBXGroup;
			children = (
				1F28302020D3B9B700624C76 /* UIColor+Extension.h */,
				1F28302120D3B9B700624C76 /* UIColor+Extension.m */,
			);
			path = UIColor;
			sourceTree = "<group>";
		};
		1F226F4A20F5992B00129AB6 /* UIFont */ = {
			isa = PBXGroup;
			children = (
				1F28302220D3B9B700624C76 /* UIFont+Extension.h */,
				1F28302320D3B9B700624C76 /* UIFont+Extension.m */,
			);
			path = UIFont;
			sourceTree = "<group>";
		};
		1F226F4B20F5993600129AB6 /* UIImage */ = {
			isa = PBXGroup;
			children = (
				1F28302420D3B9B700624C76 /* UIImage+Extension.h */,
				1F28302520D3B9B700624C76 /* UIImage+Extension.m */,
			);
			path = UIImage;
			sourceTree = "<group>";
		};
		1F226F4C20F59A9A00129AB6 /* NSMutableAttributedString */ = {
			isa = PBXGroup;
			children = (
				1F28306320D3BAAA00624C76 /* NSMutableAttributedString+Extension.h */,
				1F28306120D3BAA900624C76 /* NSMutableAttributedString+Extension.m */,
			);
			path = NSMutableAttributedString;
			sourceTree = "<group>";
		};
		1F226F4D20F59AA600129AB6 /* NSMutableParagraphStyle */ = {
			isa = PBXGroup;
			children = (
				1F28306020D3BAA900624C76 /* NSMutableParagraphStyle+Extension.h */,
				1F28306220D3BAAA00624C76 /* NSMutableParagraphStyle+Extension.m */,
			);
			path = NSMutableParagraphStyle;
			sourceTree = "<group>";
		};
		1F226F4E20F59ABA00129AB6 /* UINavigationController */ = {
			isa = PBXGroup;
			children = (
				1F59A64C20D8A91F0055AAB4 /* UINavigationController+Extension.h */,
				1F59A64D20D8A91F0055AAB4 /* UINavigationController+Extension.m */,
			);
			path = UINavigationController;
			sourceTree = "<group>";
		};
		1F226F4F20F59ACC00129AB6 /* UIViewController */ = {
			isa = PBXGroup;
			children = (
				1F59A64F20D8E5B80055AAB4 /* UIViewController+Extension.h */,
				1F59A65020D8E5B80055AAB4 /* UIViewController+Extension.m */,
			);
			path = UIViewController;
			sourceTree = "<group>";
		};
		1F226F5620F5A2A500129AB6 /* AppleSystemService */ = {
			isa = PBXGroup;
			children = (
				1F226F5720F5A2C200129AB6 /* AppleSystemService.h */,
				1F226F5820F5A2C200129AB6 /* AppleSystemService.m */,
			);
			path = AppleSystemService;
			sourceTree = "<group>";
		};
		1F282FB120D3B9B600624C76 /* Countdown */ = {
			isa = PBXGroup;
			children = (
				1F282FB220D3B9B600624C76 /* Countdown.h */,
				1F282FB320D3B9B600624C76 /* Countdown.m */,
			);
			path = Countdown;
			sourceTree = "<group>";
		};
		1F282FB420D3B9B600624C76 /* LoadingState */ = {
			isa = PBXGroup;
			children = (
				1F282FB520D3B9B600624C76 /* Loading.bundle */,
				1F2F46742125660800849E2D /* StateView.h */,
				1F2F46752125660900849E2D /* StateView.m */,
				1F4623182122BDEE00418CD3 /* LoadingView.h */,
				1F4623192122BDEE00418CD3 /* LoadingView.m */,
			);
			path = LoadingState;
			sourceTree = "<group>";
		};
		1F282FBA20D3B9B600624C76 /* CNLog */ = {
			isa = PBXGroup;
			children = (
				1F282FBB20D3B9B600624C76 /* Foundation+Log.m */,
			);
			path = CNLog;
			sourceTree = "<group>";
		};
		1F282FBC20D3B9B700624C76 /* Libraries */ = {
			isa = PBXGroup;
			children = (
				1F282FBD20D3B9B700624C76 /* SegmentedView */,
				1F282FE020D3B9B700624C76 /* WaterfallFlow */,
				1F282FE320D3B9B700624C76 /* WYScrollView */,
			);
			path = Libraries;
			sourceTree = "<group>";
		};
		1F282FBD20D3B9B700624C76 /* SegmentedView */ = {
			isa = PBXGroup;
			children = (
				1F282FBE20D3B9B700624C76 /* WYSegmentedView.h */,
				1F282FBF20D3B9B700624C76 /* WYSegmentedView.m */,
			);
			path = SegmentedView;
			sourceTree = "<group>";
		};
		1F282FE020D3B9B700624C76 /* WaterfallFlow */ = {
			isa = PBXGroup;
			children = (
				1F282FE120D3B9B700624C76 /* WaterfallFlow.h */,
				1F282FE220D3B9B700624C76 /* WaterfallFlow.m */,
			);
			path = WaterfallFlow;
			sourceTree = "<group>";
		};
		1F282FE320D3B9B700624C76 /* WYScrollView */ = {
			isa = PBXGroup;
			children = (
				1F282FE420D3B9B700624C76 /* WYScrollerView.h */,
				1F282FE520D3B9B700624C76 /* WYScrollerView.m */,
			);
			path = WYScrollView;
			sourceTree = "<group>";
		};
		1F282FE620D3B9B700624C76 /* Layout */ = {
			isa = PBXGroup;
			children = (
				1FC5FDA420DCE70F0092CED8 /* UIButton */,
				1F282FE720D3B9B700624C76 /* CALayer */,
				1F282FEF20D3B9B700624C76 /* UIImageView */,
				1F282FF220D3B9B700624C76 /* UILable */,
				1F282FF820D3B9B700624C76 /* UITableView */,
				1F282FFB20D3B9B700624C76 /* UITextField */,
				1F282FFE20D3B9B700624C76 /* UITextView */,
				1F28300120D3B9B700624C76 /* UIView */,
				1F28300620D3B9B700624C76 /* WKWebView */,
			);
			path = Layout;
			sourceTree = "<group>";
		};
		1F282FE720D3B9B700624C76 /* CALayer */ = {
			isa = PBXGroup;
			children = (
				1F282FE820D3B9B700624C76 /* CALayer+Extension.h */,
				1F282FE920D3B9B700624C76 /* CALayer+Extension.m */,
			);
			path = CALayer;
			sourceTree = "<group>";
		};
		1F282FEF20D3B9B700624C76 /* UIImageView */ = {
			isa = PBXGroup;
			children = (
				1F282FF020D3B9B700624C76 /* UIImageView+Extension.h */,
				1F282FF120D3B9B700624C76 /* UIImageView+Extension.m */,
			);
			path = UIImageView;
			sourceTree = "<group>";
		};
		1F282FF220D3B9B700624C76 /* UILable */ = {
			isa = PBXGroup;
			children = (
				1F282FF320D3B9B700624C76 /* UILabel+Extension.h */,
				1F282FF420D3B9B700624C76 /* UILabel+Extension.m */,
				1FBEBE9120DB78030038FBBF /* UILabel+RichText.h */,
				1FBEBE9220DB78030038FBBF /* UILabel+RichText.m */,
			);
			path = UILable;
			sourceTree = "<group>";
		};
		1F282FF820D3B9B700624C76 /* UITableView */ = {
			isa = PBXGroup;
			children = (
				1F282FF920D3B9B700624C76 /* UITableView+Extension.h */,
				1F282FFA20D3B9B700624C76 /* UITableView+Extension.m */,
			);
			path = UITableView;
			sourceTree = "<group>";
		};
		1F282FFB20D3B9B700624C76 /* UITextField */ = {
			isa = PBXGroup;
			children = (
				1F282FFC20D3B9B700624C76 /* UITextField+Extension.h */,
				1F282FFD20D3B9B700624C76 /* UITextField+Extension.m */,
			);
			path = UITextField;
			sourceTree = "<group>";
		};
		1F282FFE20D3B9B700624C76 /* UITextView */ = {
			isa = PBXGroup;
			children = (
				1F282FFF20D3B9B700624C76 /* UITextView+Extension.h */,
				1F28300020D3B9B700624C76 /* UITextView+Extension.m */,
			);
			path = UITextView;
			sourceTree = "<group>";
		};
		1F28300120D3B9B700624C76 /* UIView */ = {
			isa = PBXGroup;
			children = (
				1F28300220D3B9B700624C76 /* UIView+Extension.h */,
				1F28300320D3B9B700624C76 /* UIView+Extension.m */,
				1F28300420D3B9B700624C76 /* UIView+Rounded.h */,
				1F28300520D3B9B700624C76 /* UIView+Rounded.m */,
			);
			path = UIView;
			sourceTree = "<group>";
		};
		1F28300620D3B9B700624C76 /* WKWebView */ = {
			isa = PBXGroup;
			children = (
				1F28300720D3B9B700624C76 /* WKWebView+Extension.h */,
				1F28300820D3B9B700624C76 /* WKWebView+Extension.m */,
			);
			path = WKWebView;
			sourceTree = "<group>";
		};
		1F28300920D3B9B700624C76 /* MacroDefinition */ = {
			isa = PBXGroup;
			children = (
				1F28300A20D3B9B700624C76 /* APIMacro.h */,
				1F2D9C9D212FA1810025A48E /* Singleton.h */,
				1F28300C20D3B9B700624C76 /* MacroDefinition.h */,
				1F28300B20D3B9B700624C76 /* GlobalHeader.pch */,
			);
			path = MacroDefinition;
			sourceTree = "<group>";
		};
		1F28300D20D3B9B700624C76 /* BoolJudge */ = {
			isa = PBXGroup;
			children = (
				1F28300E20D3B9B700624C76 /* BoolJudge.h */,
				1F28300F20D3B9B700624C76 /* BoolJudge.m */,
			);
			path = BoolJudge;
			sourceTree = "<group>";
		};
		1F28301020D3B9B700624C76 /* Memory */ = {
			isa = PBXGroup;
			children = (
				1F28301120D3B9B700624C76 /* LocalStorage.h */,
				1F28301220D3B9B700624C76 /* LocalStorage.m */,
			);
			path = Memory;
			sourceTree = "<group>";
		};
		1F28301320D3B9B700624C76 /* Encryption */ = {
			isa = PBXGroup;
			children = (
				1F1D41D520F4558000FB65E2 /* BASE */,
				1F64823520F343D0001D4B0A /* RSA */,
				1F64823420F343BF001D4B0A /* AES256 */,
				1F64823320F343AE001D4B0A /* DES */,
				1F28301420D3B9B700624C76 /* MD5 */,
			);
			path = Encryption;
			sourceTree = "<group>";
		};
		1F28301420D3B9B700624C76 /* MD5 */ = {
			isa = PBXGroup;
			children = (
				1F64823F20F34494001D4B0A /* NSString+MD5.h */,
				1F64824020F34494001D4B0A /* NSString+MD5.m */,
			);
			path = MD5;
			sourceTree = "<group>";
		};
		1F28301720D3B9B700624C76 /* Practical */ = {
			isa = PBXGroup;
			children = (
				1F11744F2123BCC8009BB0A4 /* NSObject */,
				1F226F4B20F5993600129AB6 /* UIImage */,
				1F226F4A20F5992B00129AB6 /* UIFont */,
				1F226F4920F5991E00129AB6 /* UIColor */,
				1F226F4820F5990400129AB6 /* NSString */,
				1F226F4720F598F000129AB6 /* NSArray */,
				1F226F4F20F59ACC00129AB6 /* UIViewController */,
				1F226F4E20F59ABA00129AB6 /* UINavigationController */,
				1F226F4D20F59AA600129AB6 /* NSMutableParagraphStyle */,
				1F226F4C20F59A9A00129AB6 /* NSMutableAttributedString */,
			);
			path = Practical;
			sourceTree = "<group>";
		};
		1F28302620D3B9B700624C76 /* RefreshView */ = {
			isa = PBXGroup;
			children = (
				1F28302720D3B9B700624C76 /* RefreshView.h */,
				1F28302820D3B9B700624C76 /* RefreshView.m */,
			);
			path = RefreshView;
			sourceTree = "<group>";
		};
		1F28302920D3B9B700624C76 /* Networking */ = {
			isa = PBXGroup;
			children = (
				1F2D9CA3212FF70C0025A48E /* HTTPSFiles */,
				1F0A182C20E2167600532AA3 /* Networking */,
				1F28302A20D3B9B700624C76 /* NetWorkingStatus */,
			);
			path = Networking;
			sourceTree = "<group>";
		};
		1F28302A20D3B9B700624C76 /* NetWorkingStatus */ = {
			isa = PBXGroup;
			children = (
				1F0A182520E1D24500532AA3 /* NetworkMonitoring.h */,
				1F0A182720E1D24500532AA3 /* NetworkMonitoring.m */,
				1F0A182620E1D24500532AA3 /* Reachability.h */,
				1F0A182820E1D24500532AA3 /* Reachability.m */,
			);
			path = NetWorkingStatus;
			sourceTree = "<group>";
		};
		1F2D9CA3212FF70C0025A48E /* HTTPSFiles */ = {
			isa = PBXGroup;
			children = (
			);
			path = HTTPSFiles;
			sourceTree = "<group>";
		};
		1F59A64220D8A1AB0055AAB4 /* TestController */ = {
			isa = PBXGroup;
			children = (
				1F59A64320D8A1F40055AAB4 /* TestWebViewViewController.h */,
				1F59A64420D8A1F40055AAB4 /* TestWebViewViewController.m */,
				1FA9267420DA46A500C5D12B /* TestLableViewController.h */,
				1FA9267520DA46A500C5D12B /* TestLableViewController.m */,
				1F3360F220DB40D9009BD7AB /* TestTextViewViewController.h */,
				1F3360F320DB40D9009BD7AB /* TestTextViewViewController.m */,
				1F1E415020DCA6E900C61107 /* TestTextFieldViewController.h */,
				1F1E415120DCA6E900C61107 /* TestTextFieldViewController.m */,
				1FC5FDAB20DCE75B0092CED8 /* TestTUIButtonViewController.h */,
				1FC5FDAC20DCE75B0092CED8 /* TestTUIButtonViewController.m */,
				1F226F5320F59D5800129AB6 /* TestBoolJudgeViewController.h */,
				1F226F5420F59D5800129AB6 /* TestBoolJudgeViewController.m */,
				1FD24D7A20FEDF23004B7D3F /* TestLoadingStateViewController.h */,
				1FD24D7B20FEDF23004B7D3F /* TestLoadingStateViewController.m */,
			);
			path = TestController;
			sourceTree = "<group>";
		};
		1F64823320F343AE001D4B0A /* DES */ = {
			isa = PBXGroup;
			children = (
				1F64823C20F34489001D4B0A /* NSString+DES.h */,
				1F64823D20F34489001D4B0A /* NSString+DES.m */,
			);
			path = DES;
			sourceTree = "<group>";
		};
		1F64823420F343BF001D4B0A /* AES256 */ = {
			isa = PBXGroup;
			children = (
				1F64823920F3447E001D4B0A /* NSString+AES256.h */,
				1F64823A20F3447E001D4B0A /* NSString+AES256.m */,
			);
			path = AES256;
			sourceTree = "<group>";
		};
		1F64823520F343D0001D4B0A /* RSA */ = {
			isa = PBXGroup;
			children = (
				1F64823620F34470001D4B0A /* NSString+RSA.h */,
				1F64823720F34470001D4B0A /* NSString+RSA.m */,
			);
			path = RSA;
			sourceTree = "<group>";
		};
		1FC5FDA420DCE70F0092CED8 /* UIButton */ = {
			isa = PBXGroup;
			children = (
				1FC5FDA520DCE70F0092CED8 /* UIButton+Extension.h */,
				1FC5FDA620DCE70F0092CED8 /* UIButton+Extension.m */,
				1F226F6220F5ED9800129AB6 /* UIButton+EdgeInsetsLayout.h */,
				1F226F6320F5ED9800129AB6 /* UIButton+EdgeInsetsLayout.m */,
			);
			path = UIButton;
			sourceTree = "<group>";
		};
		1FFBD90C20BA874600305331 = {
			isa = PBXGroup;
			children = (
				1F59A64220D8A1AB0055AAB4 /* TestController */,
				1FFBD91720BA874600305331 /* WYBasisKit */,
				1FFBD91620BA874600305331 /* Products */,
				777F0A30E60F1A49D160F307 /* Pods */,
				5D8AC8BC786F41876A0D73B3 /* Frameworks */,
			);
			sourceTree = "<group>";
		};
		1FFBD91620BA874600305331 /* Products */ = {
			isa = PBXGroup;
			children = (
				1FFBD91520BA874600305331 /* WYBasisKit.app */,
			);
			name = Products;
			sourceTree = "<group>";
		};
		1FFBD91720BA874600305331 /* WYBasisKit */ = {
			isa = PBXGroup;
			children = (
				1FFBD92E20BA883500305331 /* WYBasisKit */,
				1FFBD91820BA874700305331 /* AppDelegate.h */,
				1FFBD91920BA874700305331 /* AppDelegate.m */,
				1F59A64920D8A7040055AAB4 /* MainViewController.h */,
				1F59A64A20D8A7040055AAB4 /* MainViewController.m */,
				1FFBD92120BA874800305331 /* Assets.xcassets */,
				1FFBD92320BA874800305331 /* LaunchScreen.storyboard */,
				1FFBD92620BA874800305331 /* Info.plist */,
				1FFBD92720BA874800305331 /* main.m */,
			);
			path = WYBasisKit;
			sourceTree = "<group>";
		};
		1FFBD92E20BA883500305331 /* WYBasisKit */ = {
			isa = PBXGroup;
			children = (
				1F226F5620F5A2A500129AB6 /* AppleSystemService */,
				1F28300D20D3B9B700624C76 /* BoolJudge */,
				1F282FBA20D3B9B600624C76 /* CNLog */,
				1F282FB120D3B9B600624C76 /* Countdown */,
				1F28301320D3B9B700624C76 /* Encryption */,
				1F282FE620D3B9B700624C76 /* Layout */,
				1F282FBC20D3B9B700624C76 /* Libraries */,
				1F282FB420D3B9B600624C76 /* LoadingState */,
				1F28300920D3B9B700624C76 /* MacroDefinition */,
				1F28301020D3B9B700624C76 /* Memory */,
				1F28302920D3B9B700624C76 /* Networking */,
				1F28301720D3B9B700624C76 /* Practical */,
				1F28302620D3B9B700624C76 /* RefreshView */,
			);
			path = WYBasisKit;
			sourceTree = "<group>";
		};
		5D8AC8BC786F41876A0D73B3 /* Frameworks */ = {
			isa = PBXGroup;
			children = (
				1B031672422552F5538E4614 /* libPods-WYBasisKit.a */,
			);
			name = Frameworks;
			sourceTree = "<group>";
		};
		777F0A30E60F1A49D160F307 /* Pods */ = {
			isa = PBXGroup;
			children = (
				0B75358EB85F4ECBE048F1E3 /* Pods-WYBasisKit.debug.xcconfig */,
				68A8E59B41F877FEF5AA9E31 /* Pods-WYBasisKit.release.xcconfig */,
			);
			name = Pods;
			sourceTree = "<group>";
		};
/* End PBXGroup section */

/* Begin PBXNativeTarget section */
		1FFBD91420BA874600305331 /* WYBasisKit */ = {
			isa = PBXNativeTarget;
			buildConfigurationList = 1FFBD92B20BA874800305331 /* Build configuration list for PBXNativeTarget "WYBasisKit" */;
			buildPhases = (
				7A53F7E876D4BE315E1719C6 /* [CP] Check Pods Manifest.lock */,
				1FFBD91120BA874600305331 /* Sources */,
				1FFBD91220BA874600305331 /* Frameworks */,
				1FFBD91320BA874600305331 /* Resources */,
				DB102DD59FF41D19BE439E05 /* [CP] Copy Pods Resources */,
			);
			buildRules = (
			);
			dependencies = (
			);
			name = WYBasisKit;
			productName = WYBasisKit;
			productReference = 1FFBD91520BA874600305331 /* WYBasisKit.app */;
			productType = "com.apple.product-type.application";
		};
/* End PBXNativeTarget section */

/* Begin PBXProject section */
		1FFBD90D20BA874600305331 /* Project object */ = {
			isa = PBXProject;
			attributes = {
				LastUpgradeCheck = 0930;
				ORGANIZATIONNAME = "jacke-xu";
				TargetAttributes = {
					1FFBD91420BA874600305331 = {
						CreatedOnToolsVersion = 9.3.1;
					};
				};
			};
			buildConfigurationList = 1FFBD91020BA874600305331 /* Build configuration list for PBXProject "WYBasisKit" */;
			compatibilityVersion = "Xcode 9.3";
			developmentRegion = en;
			hasScannedForEncodings = 0;
			knownRegions = (
				en,
				Base,
			);
			mainGroup = 1FFBD90C20BA874600305331;
			productRefGroup = 1FFBD91620BA874600305331 /* Products */;
			projectDirPath = "";
			projectRoot = "";
			targets = (
				1FFBD91420BA874600305331 /* WYBasisKit */,
			);
		};
/* End PBXProject section */

/* Begin PBXResourcesBuildPhase section */
		1FFBD91320BA874600305331 /* Resources */ = {
			isa = PBXResourcesBuildPhase;
			buildActionMask = 2147483647;
			files = (
				1F28303020D3B9B700624C76 /* Loading.bundle in Resources */,
				1FFBD92520BA874800305331 /* LaunchScreen.storyboard in Resources */,
				1FFBD92220BA874800305331 /* Assets.xcassets in Resources */,
			);
			runOnlyForDeploymentPostprocessing = 0;
		};
/* End PBXResourcesBuildPhase section */

/* Begin PBXShellScriptBuildPhase section */
		7A53F7E876D4BE315E1719C6 /* [CP] Check Pods Manifest.lock */ = {
			isa = PBXShellScriptBuildPhase;
			buildActionMask = 2147483647;
			files = (
			);
			inputPaths = (
				"${PODS_PODFILE_DIR_PATH}/Podfile.lock",
				"${PODS_ROOT}/Manifest.lock",
			);
			name = "[CP] Check Pods Manifest.lock";
			outputPaths = (
				"$(DERIVED_FILE_DIR)/Pods-WYBasisKit-checkManifestLockResult.txt",
			);
			runOnlyForDeploymentPostprocessing = 0;
			shellPath = /bin/sh;
			shellScript = "diff \"${PODS_PODFILE_DIR_PATH}/Podfile.lock\" \"${PODS_ROOT}/Manifest.lock\" > /dev/null\nif [ $? != 0 ] ; then\n    # print error to STDERR\n    echo \"error: The sandbox is not in sync with the Podfile.lock. Run 'pod install' or update your CocoaPods installation.\" >&2\n    exit 1\nfi\n# This output is used by Xcode 'outputs' to avoid re-running this script phase.\necho \"SUCCESS\" > \"${SCRIPT_OUTPUT_FILE_0}\"\n";
			showEnvVarsInLog = 0;
		};
		DB102DD59FF41D19BE439E05 /* [CP] Copy Pods Resources */ = {
			isa = PBXShellScriptBuildPhase;
			buildActionMask = 2147483647;
			files = (
			);
			inputPaths = (
				"${SRCROOT}/Pods/Target Support Files/Pods-WYBasisKit/Pods-WYBasisKit-resources.sh",
				"${PODS_ROOT}/MJRefresh/MJRefresh/MJRefresh.bundle",
				"${PODS_ROOT}/PureCamera/PureCamera/PureCamera.bundle",
			);
			name = "[CP] Copy Pods Resources";
			outputPaths = (
				"${TARGET_BUILD_DIR}/${UNLOCALIZED_RESOURCES_FOLDER_PATH}/MJRefresh.bundle",
				"${TARGET_BUILD_DIR}/${UNLOCALIZED_RESOURCES_FOLDER_PATH}/PureCamera.bundle",
			);
			runOnlyForDeploymentPostprocessing = 0;
			shellPath = /bin/sh;
			shellScript = "\"${SRCROOT}/Pods/Target Support Files/Pods-WYBasisKit/Pods-WYBasisKit-resources.sh\"\n";
			showEnvVarsInLog = 0;
		};
/* End PBXShellScriptBuildPhase section */

/* Begin PBXSourcesBuildPhase section */
		1FFBD91120BA874600305331 /* Sources */ = {
			isa = PBXSourcesBuildPhase;
			buildActionMask = 2147483647;
			files = (
				1F28304E20D3B9B700624C76 /* UITextField+Extension.m in Sources */,
				1F64823820F34470001D4B0A /* NSString+RSA.m in Sources */,
				1F28305620D3B9B700624C76 /* NSArray+Extension.m in Sources */,
				1FBEBE9320DB78030038FBBF /* UILabel+RichText.m in Sources */,
				1F59A64B20D8A7040055AAB4 /* MainViewController.m in Sources */,
				1F28305D20D3B9B700624C76 /* RefreshView.m in Sources */,
				1F0A182A20E1D24500532AA3 /* Reachability.m in Sources */,
				1F28303320D3B9B700624C76 /* Foundation+Log.m in Sources */,
				1F46231A2122BDEE00418CD3 /* LoadingView.m in Sources */,
				1F59A65120D8E5B80055AAB4 /* UIViewController+Extension.m in Sources */,
				1F28304520D3B9B700624C76 /* WaterfallFlow.m in Sources */,
				1F226F5520F59D5800129AB6 /* TestBoolJudgeViewController.m in Sources */,
				1F64823E20F34489001D4B0A /* NSString+DES.m in Sources */,
				1F59A64E20D8A91F0055AAB4 /* UINavigationController+Extension.m in Sources */,
				1FA9267620DA46A500C5D12B /* TestLableViewController.m in Sources */,
				1F28305120D3B9B700624C76 /* UIView+Rounded.m in Sources */,
				1F1D41E220F4573F00FB65E2 /* NSString+Base64.m in Sources */,
				1F1D41DF20F4570300FB65E2 /* NSData+CommonCrypto.m in Sources */,
				1F28305C20D3B9B700624C76 /* UIImage+Extension.m in Sources */,
				1F28305A20D3B9B700624C76 /* UIColor+Extension.m in Sources */,
				1F64824120F34494001D4B0A /* NSString+MD5.m in Sources */,
				1F28304F20D3B9B700624C76 /* UITextView+Extension.m in Sources */,
				1F1E415220DCA6E900C61107 /* TestTextFieldViewController.m in Sources */,
				1F28304720D3B9B700624C76 /* CALayer+Extension.m in Sources */,
				1F0A182F20E216B000532AA3 /* WYNetworking.m in Sources */,
				1FC5FDA920DCE70F0092CED8 /* UIButton+Extension.m in Sources */,
				1F28305320D3B9B700624C76 /* BoolJudge.m in Sources */,
				1FC5FDAD20DCE75B0092CED8 /* TestTUIButtonViewController.m in Sources */,
				1F28305B20D3B9B700624C76 /* UIFont+Extension.m in Sources */,
				1F1D41E520F4576900FB65E2 /* NSData+Base64.m in Sources */,
				1F226F6420F5ED9800129AB6 /* UIButton+EdgeInsetsLayout.m in Sources */,
				1F28304620D3B9B700624C76 /* WYScrollerView.m in Sources */,
				1FD24D7C20FEDF23004B7D3F /* TestLoadingStateViewController.m in Sources */,
				1F28304D20D3B9B700624C76 /* UITableView+Extension.m in Sources */,
				1F28305020D3B9B700624C76 /* UIView+Extension.m in Sources */,
				1F28306520D3BAAA00624C76 /* NSMutableParagraphStyle+Extension.m in Sources */,
				1F28305420D3B9B700624C76 /* LocalStorage.m in Sources */,
				1F0A182920E1D24500532AA3 /* NetworkMonitoring.m in Sources */,
				1F1174552123BE9D009BB0A4 /* NSObject+ModelParse.m in Sources */,
				1F28306420D3BAAA00624C76 /* NSMutableAttributedString+Extension.m in Sources */,
				1F64823B20F3447E001D4B0A /* NSString+AES256.m in Sources */,
				1F2F46762125660900849E2D /* StateView.m in Sources */,
				1F59A64520D8A1F40055AAB4 /* TestWebViewViewController.m in Sources */,
				1F28305920D3B9B700624C76 /* NSString+Extension.m in Sources */,
				1F1D41DC20F4560700FB65E2 /* GTMBase64.m in Sources */,
				1F28303420D3B9B700624C76 /* WYSegmentedView.m in Sources */,
				1F28304B20D3B9B700624C76 /* UILabel+Extension.m in Sources */,
				1F28304A20D3B9B700624C76 /* UIImageView+Extension.m in Sources */,
				1F226F5220F59B4800129AB6 /* NSString+Emoji.m in Sources */,
				1FFBD92820BA874800305331 /* main.m in Sources */,
				1FFBD91A20BA874700305331 /* AppDelegate.m in Sources */,
				1F28302F20D3B9B700624C76 /* Countdown.m in Sources */,
				1F3360F420DB40D9009BD7AB /* TestTextViewViewController.m in Sources */,
				1F28305220D3B9B700624C76 /* WKWebView+Extension.m in Sources */,
				1F226F5920F5A2C300129AB6 /* AppleSystemService.m in Sources */,
			);
			runOnlyForDeploymentPostprocessing = 0;
		};
/* End PBXSourcesBuildPhase section */

/* Begin PBXVariantGroup section */
		1FFBD92320BA874800305331 /* LaunchScreen.storyboard */ = {
			isa = PBXVariantGroup;
			children = (
				1FFBD92420BA874800305331 /* Base */,
			);
			name = LaunchScreen.storyboard;
			sourceTree = "<group>";
		};
/* End PBXVariantGroup section */

/* Begin XCBuildConfiguration section */
		1FFBD92920BA874800305331 /* Debug */ = {
			isa = XCBuildConfiguration;
			buildSettings = {
				ALWAYS_SEARCH_USER_PATHS = NO;
				CLANG_ANALYZER_NONNULL = YES;
				CLANG_ANALYZER_NUMBER_OBJECT_CONVERSION = YES_AGGRESSIVE;
				CLANG_CXX_LANGUAGE_STANDARD = "gnu++14";
				CLANG_CXX_LIBRARY = "libc++";
				CLANG_ENABLE_MODULES = YES;
				CLANG_ENABLE_OBJC_ARC = YES;
				CLANG_ENABLE_OBJC_WEAK = YES;
				CLANG_WARN_BLOCK_CAPTURE_AUTORELEASING = YES;
				CLANG_WARN_BOOL_CONVERSION = YES;
				CLANG_WARN_COMMA = YES;
				CLANG_WARN_CONSTANT_CONVERSION = YES;
				CLANG_WARN_DEPRECATED_OBJC_IMPLEMENTATIONS = YES;
				CLANG_WARN_DIRECT_OBJC_ISA_USAGE = YES_ERROR;
				CLANG_WARN_DOCUMENTATION_COMMENTS = YES;
				CLANG_WARN_EMPTY_BODY = YES;
				CLANG_WARN_ENUM_CONVERSION = YES;
				CLANG_WARN_INFINITE_RECURSION = YES;
				CLANG_WARN_INT_CONVERSION = YES;
				CLANG_WARN_NON_LITERAL_NULL_CONVERSION = YES;
				CLANG_WARN_OBJC_IMPLICIT_RETAIN_SELF = YES;
				CLANG_WARN_OBJC_LITERAL_CONVERSION = YES;
				CLANG_WARN_OBJC_ROOT_CLASS = YES_ERROR;
				CLANG_WARN_RANGE_LOOP_ANALYSIS = YES;
				CLANG_WARN_STRICT_PROTOTYPES = YES;
				CLANG_WARN_SUSPICIOUS_MOVE = YES;
				CLANG_WARN_UNGUARDED_AVAILABILITY = YES_AGGRESSIVE;
				CLANG_WARN_UNREACHABLE_CODE = YES;
				CLANG_WARN__DUPLICATE_METHOD_MATCH = YES;
				CODE_SIGN_IDENTITY = "iPhone Developer";
				COPY_PHASE_STRIP = NO;
				DEBUG_INFORMATION_FORMAT = dwarf;
				ENABLE_STRICT_OBJC_MSGSEND = YES;
				ENABLE_TESTABILITY = YES;
				GCC_C_LANGUAGE_STANDARD = gnu11;
				GCC_DYNAMIC_NO_PIC = NO;
				GCC_NO_COMMON_BLOCKS = YES;
				GCC_OPTIMIZATION_LEVEL = 0;
				GCC_PREPROCESSOR_DEFINITIONS = (
					"DEBUG=1",
					"$(inherited)",
				);
				GCC_WARN_64_TO_32_BIT_CONVERSION = YES;
				GCC_WARN_ABOUT_RETURN_TYPE = YES_ERROR;
				GCC_WARN_UNDECLARED_SELECTOR = YES;
				GCC_WARN_UNINITIALIZED_AUTOS = YES_AGGRESSIVE;
				GCC_WARN_UNUSED_FUNCTION = YES;
				GCC_WARN_UNUSED_VARIABLE = YES;
				IPHONEOS_DEPLOYMENT_TARGET = 11.3;
				MTL_ENABLE_DEBUG_INFO = YES;
				ONLY_ACTIVE_ARCH = YES;
				SDKROOT = iphoneos;
			};
			name = Debug;
		};
		1FFBD92A20BA874800305331 /* Release */ = {
			isa = XCBuildConfiguration;
			buildSettings = {
				ALWAYS_SEARCH_USER_PATHS = NO;
				CLANG_ANALYZER_NONNULL = YES;
				CLANG_ANALYZER_NUMBER_OBJECT_CONVERSION = YES_AGGRESSIVE;
				CLANG_CXX_LANGUAGE_STANDARD = "gnu++14";
				CLANG_CXX_LIBRARY = "libc++";
				CLANG_ENABLE_MODULES = YES;
				CLANG_ENABLE_OBJC_ARC = YES;
				CLANG_ENABLE_OBJC_WEAK = YES;
				CLANG_WARN_BLOCK_CAPTURE_AUTORELEASING = YES;
				CLANG_WARN_BOOL_CONVERSION = YES;
				CLANG_WARN_COMMA = YES;
				CLANG_WARN_CONSTANT_CONVERSION = YES;
				CLANG_WARN_DEPRECATED_OBJC_IMPLEMENTATIONS = YES;
				CLANG_WARN_DIRECT_OBJC_ISA_USAGE = YES_ERROR;
				CLANG_WARN_DOCUMENTATION_COMMENTS = YES;
				CLANG_WARN_EMPTY_BODY = YES;
				CLANG_WARN_ENUM_CONVERSION = YES;
				CLANG_WARN_INFINITE_RECURSION = YES;
				CLANG_WARN_INT_CONVERSION = YES;
				CLANG_WARN_NON_LITERAL_NULL_CONVERSION = YES;
				CLANG_WARN_OBJC_IMPLICIT_RETAIN_SELF = YES;
				CLANG_WARN_OBJC_LITERAL_CONVERSION = YES;
				CLANG_WARN_OBJC_ROOT_CLASS = YES_ERROR;
				CLANG_WARN_RANGE_LOOP_ANALYSIS = YES;
				CLANG_WARN_STRICT_PROTOTYPES = YES;
				CLANG_WARN_SUSPICIOUS_MOVE = YES;
				CLANG_WARN_UNGUARDED_AVAILABILITY = YES_AGGRESSIVE;
				CLANG_WARN_UNREACHABLE_CODE = YES;
				CLANG_WARN__DUPLICATE_METHOD_MATCH = YES;
				CODE_SIGN_IDENTITY = "iPhone Developer";
				COPY_PHASE_STRIP = NO;
				DEBUG_INFORMATION_FORMAT = "dwarf-with-dsym";
				ENABLE_NS_ASSERTIONS = NO;
				ENABLE_STRICT_OBJC_MSGSEND = YES;
				GCC_C_LANGUAGE_STANDARD = gnu11;
				GCC_NO_COMMON_BLOCKS = YES;
				GCC_WARN_64_TO_32_BIT_CONVERSION = YES;
				GCC_WARN_ABOUT_RETURN_TYPE = YES_ERROR;
				GCC_WARN_UNDECLARED_SELECTOR = YES;
				GCC_WARN_UNINITIALIZED_AUTOS = YES_AGGRESSIVE;
				GCC_WARN_UNUSED_FUNCTION = YES;
				GCC_WARN_UNUSED_VARIABLE = YES;
				IPHONEOS_DEPLOYMENT_TARGET = 11.3;
				MTL_ENABLE_DEBUG_INFO = NO;
				SDKROOT = iphoneos;
				VALIDATE_PRODUCT = YES;
			};
			name = Release;
		};
		1FFBD92C20BA874800305331 /* Debug */ = {
			isa = XCBuildConfiguration;
			baseConfigurationReference = 0B75358EB85F4ECBE048F1E3 /* Pods-WYBasisKit.debug.xcconfig */;
			buildSettings = {
				ASSETCATALOG_COMPILER_APPICON_NAME = AppIcon;
				CODE_SIGN_STYLE = Automatic;
				DEVELOPMENT_TEAM = XRF48FBABT;
				GCC_PREFIX_HEADER = "$(SRCROOT)/WYBasisKit/WYBasisKit/MacroDefinition/GlobalHeader.pch";
				INFOPLIST_FILE = WYBasisKit/Info.plist;
				IPHONEOS_DEPLOYMENT_TARGET = 8.0;
				LD_RUNPATH_SEARCH_PATHS = (
					"$(inherited)",
					"@executable_path/Frameworks",
				);
				PRODUCT_BUNDLE_IDENTIFIER = "com.jacke-xu.basisKit";
				PRODUCT_NAME = "$(TARGET_NAME)";
				TARGETED_DEVICE_FAMILY = 1;
			};
			name = Debug;
		};
		1FFBD92D20BA874800305331 /* Release */ = {
			isa = XCBuildConfiguration;
			baseConfigurationReference = 68A8E59B41F877FEF5AA9E31 /* Pods-WYBasisKit.release.xcconfig */;
			buildSettings = {
				ASSETCATALOG_COMPILER_APPICON_NAME = AppIcon;
				CODE_SIGN_STYLE = Automatic;
				DEVELOPMENT_TEAM = XRF48FBABT;
				GCC_PREFIX_HEADER = "$(SRCROOT)/WYBasisKit/WYBasisKit/MacroDefinition/GlobalHeader.pch";
				INFOPLIST_FILE = WYBasisKit/Info.plist;
				IPHONEOS_DEPLOYMENT_TARGET = 8.0;
				LD_RUNPATH_SEARCH_PATHS = (
					"$(inherited)",
					"@executable_path/Frameworks",
				);
				PRODUCT_BUNDLE_IDENTIFIER = "com.jacke-xu.basisKit";
				PRODUCT_NAME = "$(TARGET_NAME)";
				TARGETED_DEVICE_FAMILY = 1;
			};
			name = Release;
		};
/* End XCBuildConfiguration section */

/* Begin XCConfigurationList section */
		1FFBD91020BA874600305331 /* Build configuration list for PBXProject "WYBasisKit" */ = {
			isa = XCConfigurationList;
			buildConfigurations = (
				1FFBD92920BA874800305331 /* Debug */,
				1FFBD92A20BA874800305331 /* Release */,
			);
			defaultConfigurationIsVisible = 0;
			defaultConfigurationName = Release;
		};
		1FFBD92B20BA874800305331 /* Build configuration list for PBXNativeTarget "WYBasisKit" */ = {
			isa = XCConfigurationList;
			buildConfigurations = (
				1FFBD92C20BA874800305331 /* Debug */,
				1FFBD92D20BA874800305331 /* Release */,
			);
			defaultConfigurationIsVisible = 0;
			defaultConfigurationName = Release;
		};
/* End XCConfigurationList section */
	};
	rootObject = 1FFBD90D20BA874600305331 /* Project object */;
}
